PODS:
  - KVNProgress (2.2.4)
  - RESideMenu (4.0.7)
  - SDAutoLayout (2.1.7)

DEPENDENCIES:
  - KVNProgress
  - RESideMenu (~> 4.0.7)
  - SDAutoLayout (~> 2.1.7)

SPEC CHECKSUMS:
  KVNProgress: 541edcea5a1fef592aceac8d791a410d38cb499d
  RESideMenu: f24c508404b49c667344c54aba7e590883533958
  SDAutoLayout: e9b36d04b8c0b504762a04d76fbbe5108944297a

PODFILE CHECKSUM: 14025fe95ead30e01827a96a203cd8899350a5be

COCOAPODS: 1.0.1
