// !$*UTF8*$!
{
	archiveVersion = 1;
	classes = {
	};
	objectVersion = 46;
	objects = {

/* Begin PBXBuildFile section */
		8403AC9B1D7C2F2F000F5977 /* MyImagePickerController.m in Sources */ = {isa = PBXBuildFile; fileRef = 8403AC9A1D7C2F2F000F5977 /* MyImagePickerController.m */; };
		8403AC9E1D7C38E3000F5977 /* MyNavigationController.m in Sources */ = {isa = PBXBuildFile; fileRef = 8403AC9D1D7C38E3000F5977 /* MyNavigationController.m */; };
		84068DCC1D580F39003B6F5E /* main.m in Sources */ = {isa = PBXBuildFile; fileRef = 84068DCB1D580F39003B6F5E /* main.m */; };
		84068DCF1D580F39003B6F5E /* AppDelegate.m in Sources */ = {isa = PBXBuildFile; fileRef = 84068DCE1D580F39003B6F5E /* AppDelegate.m */; };
		84068DD81D580F39003B6F5E /* Main.storyboard in Resources */ = {isa = PBXBuildFile; fileRef = 84068DD61D580F39003B6F5E /* Main.storyboard */; };
		84068DDA1D580F39003B6F5E /* Assets.xcassets in Resources */ = {isa = PBXBuildFile; fileRef = 84068DD91D580F39003B6F5E /* Assets.xcassets */; };
		84068DDD1D580F39003B6F5E /* LaunchScreen.storyboard in Resources */ = {isa = PBXBuildFile; fileRef = 84068DDB1D580F39003B6F5E /* LaunchScreen.storyboard */; };
		84068DE81D580F39003B6F5E /* CostListTests.m in Sources */ = {isa = PBXBuildFile; fileRef = 84068DE71D580F39003B6F5E /* CostListTests.m */; };
		84068DF31D580F39003B6F5E /* CostListUITests.m in Sources */ = {isa = PBXBuildFile; fileRef = 84068DF21D580F39003B6F5E /* CostListUITests.m */; };
		84068E021D58130E003B6F5E /* ListTableViewController.m in Sources */ = {isa = PBXBuildFile; fileRef = 84068E011D58130E003B6F5E /* ListTableViewController.m */; };
		84068E051D58135D003B6F5E /* ChartTableViewController.m in Sources */ = {isa = PBXBuildFile; fileRef = 84068E041D58135D003B6F5E /* ChartTableViewController.m */; };
		8410A2AC1E7E80B20006CCEA /* AlertListViewController.m in Sources */ = {isa = PBXBuildFile; fileRef = 8410A2AB1E7E80B20006CCEA /* AlertListViewController.m */; };
		8410A2AF1E7E8DA00006CCEA /* AlertEditTableViewController.m in Sources */ = {isa = PBXBuildFile; fileRef = 8410A2AE1E7E8DA00006CCEA /* AlertEditTableViewController.m */; };
		8410A2B31E7E9F3F0006CCEA /* MyTimePickerController.m in Sources */ = {isa = PBXBuildFile; fileRef = 8410A2B11E7E9F3F0006CCEA /* MyTimePickerController.m */; };
		8410A2B61E7EA1E00006CCEA /* MyTimePickerController.xib in Resources */ = {isa = PBXBuildFile; fileRef = 8410A2B51E7EA1E00006CCEA /* MyTimePickerController.xib */; };
		8410A2BA1E7EC45A0006CCEA /* CyclePickerViewController.m in Sources */ = {isa = PBXBuildFile; fileRef = 8410A2B81E7EC45A0006CCEA /* CyclePickerViewController.m */; };
		8410A2BB1E7EC45A0006CCEA /* CyclePickerViewController.xib in Resources */ = {isa = PBXBuildFile; fileRef = 8410A2B91E7EC45A0006CCEA /* CyclePickerViewController.xib */; };
		8410A2BF1E7EDFCF0006CCEA /* NotificationModel.m in Sources */ = {isa = PBXBuildFile; fileRef = 8410A2BE1E7EDFCF0006CCEA /* NotificationModel.m */; };
		843084D91D5D9B8E0091F0BC /* MonthPickerViewController.xib in Resources */ = {isa = PBXBuildFile; fileRef = 843084D81D5D9B8E0091F0BC /* MonthPickerViewController.xib */; };
		843084E01D5DA3F70091F0BC /* MonthPickerViewController.m in Sources */ = {isa = PBXBuildFile; fileRef = 843084DE1D5DA3F70091F0BC /* MonthPickerViewController.m */; };
		8437DB031DC08BD9005F271A /* SlideNavigationViewController.m in Sources */ = {isa = PBXBuildFile; fileRef = 8437DB021DC08BD9005F271A /* SlideNavigationViewController.m */; };
		843BC5C41E7CD1D1004357CF /* ShareSDK.framework in Frameworks */ = {isa = PBXBuildFile; fileRef = 843BC5AE1E7CD1D0004357CF /* ShareSDK.framework */; };
		843BC5C51E7CD1D1004357CF /* ShareSDKConfigFile.bundle in Resources */ = {isa = PBXBuildFile; fileRef = 843BC5B11E7CD1D0004357CF /* ShareSDKConfigFile.bundle */; };
		843BC5C61E7CD1D1004357CF /* ShareSDKConfigFile.framework in Frameworks */ = {isa = PBXBuildFile; fileRef = 843BC5B21E7CD1D0004357CF /* ShareSDKConfigFile.framework */; };
		843BC5C71E7CD1D1004357CF /* ShareSDKExtension.framework in Frameworks */ = {isa = PBXBuildFile; fileRef = 843BC5B31E7CD1D0004357CF /* ShareSDKExtension.framework */; };
		843BC5C81E7CD1D1004357CF /* ShareSDKUI.bundle in Resources */ = {isa = PBXBuildFile; fileRef = 843BC5B41E7CD1D0004357CF /* ShareSDKUI.bundle */; };
		843BC5C91E7CD1D1004357CF /* ShareSDKUI.framework in Frameworks */ = {isa = PBXBuildFile; fileRef = 843BC5B51E7CD1D0004357CF /* ShareSDKUI.framework */; };
		843BC5CA1E7CD1D1004357CF /* WechatConnector.framework in Frameworks */ = {isa = PBXBuildFile; fileRef = 843BC5B71E7CD1D1004357CF /* WechatConnector.framework */; };
		843BC5CB1E7CD1D1004357CF /* libWeChatSDK.a in Frameworks */ = {isa = PBXBuildFile; fileRef = 843BC5BA1E7CD1D1004357CF /* libWeChatSDK.a */; };
		843BC5CC1E7CD1D1004357CF /* read_me.txt in Resources */ = {isa = PBXBuildFile; fileRef = 843BC5BB1E7CD1D1004357CF /* read_me.txt */; };
		843BC5CD1E7CD1D1004357CF /* README.txt in Resources */ = {isa = PBXBuildFile; fileRef = 843BC5BC1E7CD1D1004357CF /* README.txt */; };
		843BC5CE1E7CD1D1004357CF /* MOBFoundation.framework in Frameworks */ = {isa = PBXBuildFile; fileRef = 843BC5C11E7CD1D1004357CF /* MOBFoundation.framework */; };
		843BC5CF1E7CD1D1004357CF /* ShareSDK.bundle in Resources */ = {isa = PBXBuildFile; fileRef = 843BC5C21E7CD1D1004357CF /* ShareSDK.bundle */; };
		843BC5D01E7CD1D1004357CF /* ShareSDKConnector.framework in Frameworks */ = {isa = PBXBuildFile; fileRef = 843BC5C31E7CD1D1004357CF /* ShareSDKConnector.framework */; };
		843BC5D51E7CD2D7004357CF /* libicucore.tbd in Frameworks */ = {isa = PBXBuildFile; fileRef = 843BC5D41E7CD2D7004357CF /* libicucore.tbd */; };
		843BC5D71E7CD2E7004357CF /* libz.tbd in Frameworks */ = {isa = PBXBuildFile; fileRef = 843BC5D61E7CD2E7004357CF /* libz.tbd */; };
		843BC5D91E7CD2FA004357CF /* libstdc++.tbd in Frameworks */ = {isa = PBXBuildFile; fileRef = 843BC5D81E7CD2FA004357CF /* libstdc++.tbd */; };
		843BC5DB1E7CD309004357CF /* JavaScriptCore.framework in Frameworks */ = {isa = PBXBuildFile; fileRef = 843BC5DA1E7CD309004357CF /* JavaScriptCore.framework */; };
		843BC5DD1E7CD317004357CF /* libsqlite3.tbd in Frameworks */ = {isa = PBXBuildFile; fileRef = 843BC5DC1E7CD317004357CF /* libsqlite3.tbd */; };
		843BE1D11D93C710004F5B77 /* Charts.framework in Frameworks */ = {isa = PBXBuildFile; fileRef = 843BE1CA1D93C6EE004F5B77 /* Charts.framework */; };
		843BE1D21D93C710004F5B77 /* Charts.framework in Embed Frameworks */ = {isa = PBXBuildFile; fileRef = 843BE1CA1D93C6EE004F5B77 /* Charts.framework */; settings = {ATTRIBUTES = (CodeSignOnCopy, RemoveHeadersOnCopy, ); }; };
		843BE1DC1D93C739004F5B77 /* File.swift in Sources */ = {isa = PBXBuildFile; fileRef = 843BE1DB1D93C739004F5B77 /* File.swift */; };
		84434EDE1D8407AC00F989BE /* ListCommentCell.m in Sources */ = {isa = PBXBuildFile; fileRef = 84434EDD1D8407AC00F989BE /* ListCommentCell.m */; };
		8453EA771D99175E00EDFE46 /* UIColor+Category.m in Sources */ = {isa = PBXBuildFile; fileRef = 8453EA761D99175E00EDFE46 /* UIColor+Category.m */; };
		845A4EEC1E6C68DF00306233 /* architecture.jpg in Resources */ = {isa = PBXBuildFile; fileRef = 845A4EEB1E6C68DF00306233 /* architecture.jpg */; };
		845E62881D6313DD00224162 /* UIImage+Category.m in Sources */ = {isa = PBXBuildFile; fileRef = 845E62871D6313DD00224162 /* UIImage+Category.m */; };
		8472E4C51DB35D20000E6B18 /* SearchViewController.m in Sources */ = {isa = PBXBuildFile; fileRef = 8472E4C41DB35D20000E6B18 /* SearchViewController.m */; };
		847616871D82A705001B456F /* DataModel.xcdatamodeld in Sources */ = {isa = PBXBuildFile; fileRef = 847616851D82A705001B456F /* DataModel.xcdatamodeld */; };
		847616901D82A9AC001B456F /* CoreData.framework in Frameworks */ = {isa = PBXBuildFile; fileRef = 8476168F1D82A9AC001B456F /* CoreData.framework */; };
		847756451DB9C28700DBA40C /* DataModelHandler.m in Sources */ = {isa = PBXBuildFile; fileRef = 847756441DB9C28700DBA40C /* DataModelHandler.m */; };
		847D21D41D9F8F3400B2A5BF /* YearPickerViewController.m in Sources */ = {isa = PBXBuildFile; fileRef = 847D21D21D9F8F3400B2A5BF /* YearPickerViewController.m */; };
		847D21D51D9F8F3400B2A5BF /* YearPickerViewController.xib in Resources */ = {isa = PBXBuildFile; fileRef = 847D21D31D9F8F3400B2A5BF /* YearPickerViewController.xib */; };
		8487858C1D58C96800A2EBFB /* MyTabBar.m in Sources */ = {isa = PBXBuildFile; fileRef = 8487858B1D58C96800A2EBFB /* MyTabBar.m */; };
		848785941D58D25100A2EBFB /* UIView+Category.m in Sources */ = {isa = PBXBuildFile; fileRef = 848785931D58D25100A2EBFB /* UIView+Category.m */; };
		8495FDC21E6BFC8200EBC56B /* screenshot.PNG in Resources */ = {isa = PBXBuildFile; fileRef = 8495FDC11E6BFC8200EBC56B /* screenshot.PNG */; };
		8495FDC71E6BFC8C00EBC56B /* logo.png in Resources */ = {isa = PBXBuildFile; fileRef = 8495FDC61E6BFC8C00EBC56B /* logo.png */; };
		8498A6751D81732F00F9607A /* ListCell.m in Sources */ = {isa = PBXBuildFile; fileRef = 8498A6741D81732F00F9607A /* ListCell.m */; };
		849906861DACD97600212BCC /* MonthValueFormatter.m in Sources */ = {isa = PBXBuildFile; fileRef = 849906851DACD97600212BCC /* MonthValueFormatter.m */; };
		84A9F5131DC32764000987BE /* CLLockVC.m in Sources */ = {isa = PBXBuildFile; fileRef = 84A9F4F31DC32764000987BE /* CLLockVC.m */; };
		84A9F5141DC32764000987BE /* CLLockVC.xib in Resources */ = {isa = PBXBuildFile; fileRef = 84A9F4F41DC32764000987BE /* CLLockVC.xib */; };
		84A9F5151DC32764000987BE /* CALayer+Anim.m in Sources */ = {isa = PBXBuildFile; fileRef = 84A9F4F81DC32764000987BE /* CALayer+Anim.m */; };
		84A9F5161DC32764000987BE /* CoreLockConst.m in Sources */ = {isa = PBXBuildFile; fileRef = 84A9F4FB1DC32764000987BE /* CoreLockConst.m */; };
		84A9F5171DC32764000987BE /* CLLockNavVC.m in Sources */ = {isa = PBXBuildFile; fileRef = 84A9F4FE1DC32764000987BE /* CLLockNavVC.m */; };
		84A9F5181DC32764000987BE /* CLLockInfoView.m in Sources */ = {isa = PBXBuildFile; fileRef = 84A9F5011DC32764000987BE /* CLLockInfoView.m */; };
		84A9F5191DC32764000987BE /* CLLockItemView.m in Sources */ = {isa = PBXBuildFile; fileRef = 84A9F5031DC32764000987BE /* CLLockItemView.m */; };
		84A9F51A1DC32764000987BE /* CLLockLabel.m in Sources */ = {isa = PBXBuildFile; fileRef = 84A9F5051DC32764000987BE /* CLLockLabel.m */; };
		84A9F51B1DC32764000987BE /* CLLockMainView.m in Sources */ = {isa = PBXBuildFile; fileRef = 84A9F5071DC32764000987BE /* CLLockMainView.m */; };
		84A9F51C1DC32764000987BE /* CLLockView.m in Sources */ = {isa = PBXBuildFile; fileRef = 84A9F5091DC32764000987BE /* CLLockView.m */; };
		84A9F51D1DC32764000987BE /* NSString+File.m in Sources */ = {isa = PBXBuildFile; fileRef = 84A9F50E1DC32764000987BE /* NSString+File.m */; };
		84A9F51E1DC32764000987BE /* CoreArchive.m in Sources */ = {isa = PBXBuildFile; fileRef = 84A9F5101DC32764000987BE /* CoreArchive.m */; };
		84A9F5251DC328D1000987BE /* SecurityViewController.m in Sources */ = {isa = PBXBuildFile; fileRef = 84A9F5241DC328D1000987BE /* SecurityViewController.m */; };
		84AB46301DD5C3680032AB6A /* FingerPrintViewController.m in Sources */ = {isa = PBXBuildFile; fileRef = 84AB462F1DD5C3680032AB6A /* FingerPrintViewController.m */; };
		84B718021D69A247004ACD8F /* UITextView+Category.m in Sources */ = {isa = PBXBuildFile; fileRef = 84B718011D69A247004ACD8F /* UITextView+Category.m */; };
		84B718051D69B6FE004ACD8F /* MyDatePickerController.m in Sources */ = {isa = PBXBuildFile; fileRef = 84B718041D69B6FE004ACD8F /* MyDatePickerController.m */; };
		84B7CB1C1D58C56E0062A48D /* MyTabBarController.m in Sources */ = {isa = PBXBuildFile; fileRef = 84B7CB1B1D58C56E0062A48D /* MyTabBarController.m */; };
		84B878F11D64882400AA1896 /* CoreLocation.framework in Frameworks */ = {isa = PBXBuildFile; fileRef = 84B878F01D64882400AA1896 /* CoreLocation.framework */; };
		84BF75181D80093800D4C97D /* Localizable.strings in Resources */ = {isa = PBXBuildFile; fileRef = 84BF751A1D80093800D4C97D /* Localizable.strings */; };
		84C9D5F51D9135CA00CDF30F /* CategoryIconInfo.plist in Resources */ = {isa = PBXBuildFile; fileRef = 84C9D5F41D9135CA00CDF30F /* CategoryIconInfo.plist */; };
		84CD5D311D6695F0004898C7 /* EditLocationViewController.m in Sources */ = {isa = PBXBuildFile; fileRef = 84CD5D2F1D6695F0004898C7 /* EditLocationViewController.m */; };
		84CD5D321D6695F0004898C7 /* EditLocationViewController.xib in Resources */ = {isa = PBXBuildFile; fileRef = 84CD5D301D6695F0004898C7 /* EditLocationViewController.xib */; };
		84CD5D361D66B317004898C7 /* AddItemViewController.storyboard in Resources */ = {isa = PBXBuildFile; fileRef = 84CD5D351D66B317004898C7 /* AddItemViewController.storyboard */; };
		84CD5D391D66C296004898C7 /* UIViewController+Category.m in Sources */ = {isa = PBXBuildFile; fileRef = 84CD5D381D66C296004898C7 /* UIViewController+Category.m */; };
		84D65FC71D97B9AD00C4B015 /* NSNumber+Category.m in Sources */ = {isa = PBXBuildFile; fileRef = 84D65FC61D97B9AD00C4B015 /* NSNumber+Category.m */; };
		84DD441F1D63F2150045A375 /* AddItemViewController.m in Sources */ = {isa = PBXBuildFile; fileRef = 84DD441E1D63F2150045A375 /* AddItemViewController.m */; };
		84DD44251D640E460045A375 /* ChooseIconViewController.m in Sources */ = {isa = PBXBuildFile; fileRef = 84DD44241D640E460045A375 /* ChooseIconViewController.m */; };
		84DD5ED31D6A906700CBCA99 /* MyDatePickerController.xib in Resources */ = {isa = PBXBuildFile; fileRef = 84DD5ED21D6A906700CBCA99 /* MyDatePickerController.xib */; };
		84E4AFEE1D814BB00014507A /* MyPhoto.m in Sources */ = {isa = PBXBuildFile; fileRef = 84E4AFED1D814BB00014507A /* MyPhoto.m */; };
		84EA90D81D769B9800282904 /* SlideMenuViewController.m in Sources */ = {isa = PBXBuildFile; fileRef = 84EA90D71D769B9800282904 /* SlideMenuViewController.m */; };
		84EF7F451D8A978400B09310 /* CostItem+CoreDataProperties.m in Sources */ = {isa = PBXBuildFile; fileRef = 84EF7F421D8A978400B09310 /* CostItem+CoreDataProperties.m */; };
		84EF7F461D8A978400B09310 /* CostItem.m in Sources */ = {isa = PBXBuildFile; fileRef = 84EF7F441D8A978400B09310 /* CostItem.m */; };
		CC76B3E45FFAFD1EB6CA4FD2 /* libPods-CostList.a in Frameworks */ = {isa = PBXBuildFile; fileRef = 48BDF009FEBDE9A22FE33EC9 /* libPods-CostList.a */; };
/* End PBXBuildFile section */

/* Begin PBXContainerItemProxy section */
		84068DE41D580F39003B6F5E /* PBXContainerItemProxy */ = {
			isa = PBXContainerItemProxy;
			containerPortal = 84068DBF1D580F39003B6F5E /* Project object */;
			proxyType = 1;
			remoteGlobalIDString = 84068DC61D580F39003B6F5E;
			remoteInfo = CostList;
		};
		84068DEF1D580F39003B6F5E /* PBXContainerItemProxy */ = {
			isa = PBXContainerItemProxy;
			containerPortal = 84068DBF1D580F39003B6F5E /* Project object */;
			proxyType = 1;
			remoteGlobalIDString = 84068DC61D580F39003B6F5E;
			remoteInfo = CostList;
		};
		843BE1C91D93C6EE004F5B77 /* PBXContainerItemProxy */ = {
			isa = PBXContainerItemProxy;
			containerPortal = 843BE1C21D93C6EE004F5B77 /* Charts.xcodeproj */;
			proxyType = 2;
			remoteGlobalIDString = 06165F241D8110E600722320;
			remoteInfo = Charts;
		};
		843BE1CB1D93C6EE004F5B77 /* PBXContainerItemProxy */ = {
			isa = PBXContainerItemProxy;
			containerPortal = 843BE1C21D93C6EE004F5B77 /* Charts.xcodeproj */;
			proxyType = 2;
			remoteGlobalIDString = 06165F2E1D8110E600722320;
			remoteInfo = ChartsTests;
		};
		843BE1CD1D93C6EE004F5B77 /* PBXContainerItemProxy */ = {
			isa = PBXContainerItemProxy;
			containerPortal = 843BE1C21D93C6EE004F5B77 /* Charts.xcodeproj */;
			proxyType = 2;
			remoteGlobalIDString = 06B120D51D811E6200D14B02;
			remoteInfo = ChartsRealm;
		};
		843BE1CF1D93C6EE004F5B77 /* PBXContainerItemProxy */ = {
			isa = PBXContainerItemProxy;
			containerPortal = 843BE1C21D93C6EE004F5B77 /* Charts.xcodeproj */;
			proxyType = 2;
			remoteGlobalIDString = 06B120FF1D811F1600D14B02;
			remoteInfo = ChartsRealmTests;
		};
		843BE1D31D93C710004F5B77 /* PBXContainerItemProxy */ = {
			isa = PBXContainerItemProxy;
			containerPortal = 843BE1C21D93C6EE004F5B77 /* Charts.xcodeproj */;
			proxyType = 1;
			remoteGlobalIDString = 06165F231D8110E600722320;
			remoteInfo = Charts;
		};
/* End PBXContainerItemProxy section */

/* Begin PBXCopyFilesBuildPhase section */
		843BE1D91D93C710004F5B77 /* Embed Frameworks */ = {
			isa = PBXCopyFilesBuildPhase;
			buildActionMask = 2147483647;
			dstPath = "";
			dstSubfolderSpec = 10;
			files = (
				843BE1D21D93C710004F5B77 /* Charts.framework in Embed Frameworks */,
			);
			name = "Embed Frameworks";
			runOnlyForDeploymentPostprocessing = 0;
		};
/* End PBXCopyFilesBuildPhase section */

/* Begin PBXFileReference section */
		48BDF009FEBDE9A22FE33EC9 /* libPods-CostList.a */ = {isa = PBXFileReference; explicitFileType = archive.ar; includeInIndex = 0; path = "libPods-CostList.a"; sourceTree = BUILT_PRODUCTS_DIR; };
		5C856ADB38BE846DD21F8F72 /* Pods-CostList.release.xcconfig */ = {isa = PBXFileReference; includeInIndex = 1; lastKnownFileType = text.xcconfig; name = "Pods-CostList.release.xcconfig"; path = "Pods/Target Support Files/Pods-CostList/Pods-CostList.release.xcconfig"; sourceTree = "<group>"; };
		8403AC991D7C2F2F000F5977 /* MyImagePickerController.h */ = {isa = PBXFileReference; fileEncoding = 4; lastKnownFileType = sourcecode.c.h; path = MyImagePickerController.h; sourceTree = "<group>"; };
		8403AC9A1D7C2F2F000F5977 /* MyImagePickerController.m */ = {isa = PBXFileReference; fileEncoding = 4; lastKnownFileType = sourcecode.c.objc; path = MyImagePickerController.m; sourceTree = "<group>"; };
		8403AC9C1D7C38E3000F5977 /* MyNavigationController.h */ = {isa = PBXFileReference; fileEncoding = 4; lastKnownFileType = sourcecode.c.h; path = MyNavigationController.h; sourceTree = "<group>"; };
		8403AC9D1D7C38E3000F5977 /* MyNavigationController.m */ = {isa = PBXFileReference; fileEncoding = 4; lastKnownFileType = sourcecode.c.objc; path = MyNavigationController.m; sourceTree = "<group>"; };
		84068DC71D580F39003B6F5E /* CostList.app */ = {isa = PBXFileReference; explicitFileType = wrapper.application; includeInIndex = 0; path = CostList.app; sourceTree = BUILT_PRODUCTS_DIR; };
		84068DCB1D580F39003B6F5E /* main.m */ = {isa = PBXFileReference; lastKnownFileType = sourcecode.c.objc; path = main.m; sourceTree = "<group>"; };
		84068DCD1D580F39003B6F5E /* AppDelegate.h */ = {isa = PBXFileReference; lastKnownFileType = sourcecode.c.h; path = AppDelegate.h; sourceTree = "<group>"; };
		84068DCE1D580F39003B6F5E /* AppDelegate.m */ = {isa = PBXFileReference; lastKnownFileType = sourcecode.c.objc; lineEnding = 0; path = AppDelegate.m; sourceTree = "<group>"; xcLanguageSpecificationIdentifier = xcode.lang.objc; };
		84068DD71D580F39003B6F5E /* Base */ = {isa = PBXFileReference; lastKnownFileType = file.storyboard; name = Base; path = Base.lproj/Main.storyboard; sourceTree = "<group>"; };
		84068DD91D580F39003B6F5E /* Assets.xcassets */ = {isa = PBXFileReference; lastKnownFileType = folder.assetcatalog; path = Assets.xcassets; sourceTree = "<group>"; };
		84068DDC1D580F39003B6F5E /* Base */ = {isa = PBXFileReference; lastKnownFileType = file.storyboard; name = Base; path = Base.lproj/LaunchScreen.storyboard; sourceTree = "<group>"; };
		84068DDE1D580F39003B6F5E /* Info.plist */ = {isa = PBXFileReference; lastKnownFileType = text.plist.xml; path = Info.plist; sourceTree = "<group>"; };
		84068DE31D580F39003B6F5E /* CostListTests.xctest */ = {isa = PBXFileReference; explicitFileType = wrapper.cfbundle; includeInIndex = 0; path = CostListTests.xctest; sourceTree = BUILT_PRODUCTS_DIR; };
		84068DE71D580F39003B6F5E /* CostListTests.m */ = {isa = PBXFileReference; lastKnownFileType = sourcecode.c.objc; path = CostListTests.m; sourceTree = "<group>"; };
		84068DE91D580F39003B6F5E /* Info.plist */ = {isa = PBXFileReference; lastKnownFileType = text.plist.xml; path = Info.plist; sourceTree = "<group>"; };
		84068DEE1D580F39003B6F5E /* CostListUITests.xctest */ = {isa = PBXFileReference; explicitFileType = wrapper.cfbundle; includeInIndex = 0; path = CostListUITests.xctest; sourceTree = BUILT_PRODUCTS_DIR; };
		84068DF21D580F39003B6F5E /* CostListUITests.m */ = {isa = PBXFileReference; lastKnownFileType = sourcecode.c.objc; path = CostListUITests.m; sourceTree = "<group>"; };
		84068DF41D580F39003B6F5E /* Info.plist */ = {isa = PBXFileReference; lastKnownFileType = text.plist.xml; path = Info.plist; sourceTree = "<group>"; };
		84068E001D58130E003B6F5E /* ListTableViewController.h */ = {isa = PBXFileReference; fileEncoding = 4; lastKnownFileType = sourcecode.c.h; path = ListTableViewController.h; sourceTree = "<group>"; };
		84068E011D58130E003B6F5E /* ListTableViewController.m */ = {isa = PBXFileReference; fileEncoding = 4; lastKnownFileType = sourcecode.c.objc; path = ListTableViewController.m; sourceTree = "<group>"; };
		84068E031D58135D003B6F5E /* ChartTableViewController.h */ = {isa = PBXFileReference; fileEncoding = 4; lastKnownFileType = sourcecode.c.h; path = ChartTableViewController.h; sourceTree = "<group>"; };
		84068E041D58135D003B6F5E /* ChartTableViewController.m */ = {isa = PBXFileReference; fileEncoding = 4; lastKnownFileType = sourcecode.c.objc; path = ChartTableViewController.m; sourceTree = "<group>"; };
		8410A2AA1E7E80B20006CCEA /* AlertListViewController.h */ = {isa = PBXFileReference; fileEncoding = 4; lastKnownFileType = sourcecode.c.h; path = AlertListViewController.h; sourceTree = "<group>"; };
		8410A2AB1E7E80B20006CCEA /* AlertListViewController.m */ = {isa = PBXFileReference; fileEncoding = 4; lastKnownFileType = sourcecode.c.objc; path = AlertListViewController.m; sourceTree = "<group>"; };
		8410A2AD1E7E8DA00006CCEA /* AlertEditTableViewController.h */ = {isa = PBXFileReference; fileEncoding = 4; lastKnownFileType = sourcecode.c.h; path = AlertEditTableViewController.h; sourceTree = "<group>"; };
		8410A2AE1E7E8DA00006CCEA /* AlertEditTableViewController.m */ = {isa = PBXFileReference; fileEncoding = 4; lastKnownFileType = sourcecode.c.objc; path = AlertEditTableViewController.m; sourceTree = "<group>"; };
		8410A2B01E7E9F3F0006CCEA /* MyTimePickerController.h */ = {isa = PBXFileReference; fileEncoding = 4; lastKnownFileType = sourcecode.c.h; path = MyTimePickerController.h; sourceTree = "<group>"; };
		8410A2B11E7E9F3F0006CCEA /* MyTimePickerController.m */ = {isa = PBXFileReference; fileEncoding = 4; lastKnownFileType = sourcecode.c.objc; path = MyTimePickerController.m; sourceTree = "<group>"; };
		8410A2B51E7EA1E00006CCEA /* MyTimePickerController.xib */ = {isa = PBXFileReference; fileEncoding = 4; lastKnownFileType = file.xib; path = MyTimePickerController.xib; sourceTree = "<group>"; };
		8410A2B71E7EC45A0006CCEA /* CyclePickerViewController.h */ = {isa = PBXFileReference; fileEncoding = 4; lastKnownFileType = sourcecode.c.h; path = CyclePickerViewController.h; sourceTree = "<group>"; };
		8410A2B81E7EC45A0006CCEA /* CyclePickerViewController.m */ = {isa = PBXFileReference; fileEncoding = 4; lastKnownFileType = sourcecode.c.objc; path = CyclePickerViewController.m; sourceTree = "<group>"; };
		8410A2B91E7EC45A0006CCEA /* CyclePickerViewController.xib */ = {isa = PBXFileReference; fileEncoding = 4; lastKnownFileType = file.xib; path = CyclePickerViewController.xib; sourceTree = "<group>"; };
		8410A2BD1E7EDFCF0006CCEA /* NotificationModel.h */ = {isa = PBXFileReference; fileEncoding = 4; lastKnownFileType = sourcecode.c.h; path = NotificationModel.h; sourceTree = "<group>"; };
		8410A2BE1E7EDFCF0006CCEA /* NotificationModel.m */ = {isa = PBXFileReference; fileEncoding = 4; lastKnownFileType = sourcecode.c.objc; path = NotificationModel.m; sourceTree = "<group>"; };
		843084D81D5D9B8E0091F0BC /* MonthPickerViewController.xib */ = {isa = PBXFileReference; fileEncoding = 4; lastKnownFileType = file.xib; path = MonthPickerViewController.xib; sourceTree = "<group>"; };
		843084DD1D5DA3F70091F0BC /* MonthPickerViewController.h */ = {isa = PBXFileReference; fileEncoding = 4; lastKnownFileType = sourcecode.c.h; path = MonthPickerViewController.h; sourceTree = "<group>"; };
		843084DE1D5DA3F70091F0BC /* MonthPickerViewController.m */ = {isa = PBXFileReference; fileEncoding = 4; lastKnownFileType = sourcecode.c.objc; lineEnding = 0; path = MonthPickerViewController.m; sourceTree = "<group>"; xcLanguageSpecificationIdentifier = xcode.lang.objc; };
		8437DB011DC08BD9005F271A /* SlideNavigationViewController.h */ = {isa = PBXFileReference; fileEncoding = 4; lastKnownFileType = sourcecode.c.h; path = SlideNavigationViewController.h; sourceTree = "<group>"; };
		8437DB021DC08BD9005F271A /* SlideNavigationViewController.m */ = {isa = PBXFileReference; fileEncoding = 4; lastKnownFileType = sourcecode.c.objc; path = SlideNavigationViewController.m; sourceTree = "<group>"; };
		843BC5AE1E7CD1D0004357CF /* ShareSDK.framework */ = {isa = PBXFileReference; lastKnownFileType = wrapper.framework; path = ShareSDK.framework; sourceTree = "<group>"; };
		843BC5B11E7CD1D0004357CF /* ShareSDKConfigFile.bundle */ = {isa = PBXFileReference; lastKnownFileType = "wrapper.plug-in"; path = ShareSDKConfigFile.bundle; sourceTree = "<group>"; };
		843BC5B21E7CD1D0004357CF /* ShareSDKConfigFile.framework */ = {isa = PBXFileReference; lastKnownFileType = wrapper.framework; path = ShareSDKConfigFile.framework; sourceTree = "<group>"; };
		843BC5B31E7CD1D0004357CF /* ShareSDKExtension.framework */ = {isa = PBXFileReference; lastKnownFileType = wrapper.framework; path = ShareSDKExtension.framework; sourceTree = "<group>"; };
		843BC5B41E7CD1D0004357CF /* ShareSDKUI.bundle */ = {isa = PBXFileReference; lastKnownFileType = "wrapper.plug-in"; path = ShareSDKUI.bundle; sourceTree = "<group>"; };
		843BC5B51E7CD1D0004357CF /* ShareSDKUI.framework */ = {isa = PBXFileReference; lastKnownFileType = wrapper.framework; path = ShareSDKUI.framework; sourceTree = "<group>"; };
		843BC5B71E7CD1D1004357CF /* WechatConnector.framework */ = {isa = PBXFileReference; lastKnownFileType = wrapper.framework; path = WechatConnector.framework; sourceTree = "<group>"; };
		843BC5BA1E7CD1D1004357CF /* libWeChatSDK.a */ = {isa = PBXFileReference; lastKnownFileType = archive.ar; path = libWeChatSDK.a; sourceTree = "<group>"; };
		843BC5BB1E7CD1D1004357CF /* read_me.txt */ = {isa = PBXFileReference; fileEncoding = 4; lastKnownFileType = text; path = read_me.txt; sourceTree = "<group>"; };
		843BC5BC1E7CD1D1004357CF /* README.txt */ = {isa = PBXFileReference; fileEncoding = 4; lastKnownFileType = text; path = README.txt; sourceTree = "<group>"; };
		843BC5BD1E7CD1D1004357CF /* WechatAuthSDK.h */ = {isa = PBXFileReference; fileEncoding = 4; lastKnownFileType = sourcecode.c.h; path = WechatAuthSDK.h; sourceTree = "<group>"; };
		843BC5BE1E7CD1D1004357CF /* WXApi.h */ = {isa = PBXFileReference; fileEncoding = 4; lastKnownFileType = sourcecode.c.h; path = WXApi.h; sourceTree = "<group>"; };
		843BC5BF1E7CD1D1004357CF /* WXApiObject.h */ = {isa = PBXFileReference; fileEncoding = 4; lastKnownFileType = sourcecode.c.h; path = WXApiObject.h; sourceTree = "<group>"; };
		843BC5C11E7CD1D1004357CF /* MOBFoundation.framework */ = {isa = PBXFileReference; lastKnownFileType = wrapper.framework; path = MOBFoundation.framework; sourceTree = "<group>"; };
		843BC5C21E7CD1D1004357CF /* ShareSDK.bundle */ = {isa = PBXFileReference; lastKnownFileType = "wrapper.plug-in"; path = ShareSDK.bundle; sourceTree = "<group>"; };
		843BC5C31E7CD1D1004357CF /* ShareSDKConnector.framework */ = {isa = PBXFileReference; lastKnownFileType = wrapper.framework; path = ShareSDKConnector.framework; sourceTree = "<group>"; };
		843BC5D41E7CD2D7004357CF /* libicucore.tbd */ = {isa = PBXFileReference; lastKnownFileType = "sourcecode.text-based-dylib-definition"; name = libicucore.tbd; path = usr/lib/libicucore.tbd; sourceTree = SDKROOT; };
		843BC5D61E7CD2E7004357CF /* libz.tbd */ = {isa = PBXFileReference; lastKnownFileType = "sourcecode.text-based-dylib-definition"; name = libz.tbd; path = usr/lib/libz.tbd; sourceTree = SDKROOT; };
		843BC5D81E7CD2FA004357CF /* libstdc++.tbd */ = {isa = PBXFileReference; lastKnownFileType = "sourcecode.text-based-dylib-definition"; name = "libstdc++.tbd"; path = "usr/lib/libstdc++.tbd"; sourceTree = SDKROOT; };
		843BC5DA1E7CD309004357CF /* JavaScriptCore.framework */ = {isa = PBXFileReference; lastKnownFileType = wrapper.framework; name = JavaScriptCore.framework; path = System/Library/Frameworks/JavaScriptCore.framework; sourceTree = SDKROOT; };
		843BC5DC1E7CD317004357CF /* libsqlite3.tbd */ = {isa = PBXFileReference; lastKnownFileType = "sourcecode.text-based-dylib-definition"; name = libsqlite3.tbd; path = usr/lib/libsqlite3.tbd; sourceTree = SDKROOT; };
		843BE1C21D93C6EE004F5B77 /* Charts.xcodeproj */ = {isa = PBXFileReference; lastKnownFileType = "wrapper.pb-project"; name = Charts.xcodeproj; path = "Charts-master/Charts.xcodeproj"; sourceTree = "<group>"; };
		843BE1DA1D93C738004F5B77 /* CostList-Bridging-Header.h */ = {isa = PBXFileReference; lastKnownFileType = sourcecode.c.h; path = "CostList-Bridging-Header.h"; sourceTree = "<group>"; };
		843BE1DB1D93C739004F5B77 /* File.swift */ = {isa = PBXFileReference; fileEncoding = 4; lastKnownFileType = sourcecode.swift; path = File.swift; sourceTree = "<group>"; };
		84434EDC1D8407AC00F989BE /* ListCommentCell.h */ = {isa = PBXFileReference; fileEncoding = 4; lastKnownFileType = sourcecode.c.h; path = ListCommentCell.h; sourceTree = "<group>"; };
		84434EDD1D8407AC00F989BE /* ListCommentCell.m */ = {isa = PBXFileReference; fileEncoding = 4; lastKnownFileType = sourcecode.c.objc; path = ListCommentCell.m; sourceTree = "<group>"; };
		844CC22A1D61F11A00B2050B /* Accelerate.framework */ = {isa = PBXFileReference; lastKnownFileType = wrapper.framework; name = Accelerate.framework; path = System/Library/Frameworks/Accelerate.framework; sourceTree = SDKROOT; };
		8453EA751D99175E00EDFE46 /* UIColor+Category.h */ = {isa = PBXFileReference; fileEncoding = 4; lastKnownFileType = sourcecode.c.h; path = "UIColor+Category.h"; sourceTree = "<group>"; };
		8453EA761D99175E00EDFE46 /* UIColor+Category.m */ = {isa = PBXFileReference; fileEncoding = 4; lastKnownFileType = sourcecode.c.objc; path = "UIColor+Category.m"; sourceTree = "<group>"; };
		845A4EEB1E6C68DF00306233 /* architecture.jpg */ = {isa = PBXFileReference; lastKnownFileType = image.jpeg; path = architecture.jpg; sourceTree = "<group>"; };
		845E62861D6313DD00224162 /* UIImage+Category.h */ = {isa = PBXFileReference; fileEncoding = 4; lastKnownFileType = sourcecode.c.h; path = "UIImage+Category.h"; sourceTree = "<group>"; };
		845E62871D6313DD00224162 /* UIImage+Category.m */ = {isa = PBXFileReference; fileEncoding = 4; lastKnownFileType = sourcecode.c.objc; path = "UIImage+Category.m"; sourceTree = "<group>"; };
		8464BC871D5DCB4C00774350 /* PrefixHeader.pch */ = {isa = PBXFileReference; lastKnownFileType = sourcecode.c.h; path = PrefixHeader.pch; sourceTree = "<group>"; };
		8472E4C31DB35D20000E6B18 /* SearchViewController.h */ = {isa = PBXFileReference; fileEncoding = 4; lastKnownFileType = sourcecode.c.h; path = SearchViewController.h; sourceTree = "<group>"; };
		8472E4C41DB35D20000E6B18 /* SearchViewController.m */ = {isa = PBXFileReference; fileEncoding = 4; lastKnownFileType = sourcecode.c.objc; path = SearchViewController.m; sourceTree = "<group>"; };
		847616861D82A705001B456F /* DataModel.xcdatamodel */ = {isa = PBXFileReference; lastKnownFileType = wrapper.xcdatamodel; path = DataModel.xcdatamodel; sourceTree = "<group>"; };
		8476168F1D82A9AC001B456F /* CoreData.framework */ = {isa = PBXFileReference; lastKnownFileType = wrapper.framework; name = CoreData.framework; path = System/Library/Frameworks/CoreData.framework; sourceTree = SDKROOT; };
		847756431DB9C28700DBA40C /* DataModelHandler.h */ = {isa = PBXFileReference; fileEncoding = 4; lastKnownFileType = sourcecode.c.h; path = DataModelHandler.h; sourceTree = "<group>"; };
		847756441DB9C28700DBA40C /* DataModelHandler.m */ = {isa = PBXFileReference; fileEncoding = 4; lastKnownFileType = sourcecode.c.objc; path = DataModelHandler.m; sourceTree = "<group>"; };
		847D21D11D9F8F3400B2A5BF /* YearPickerViewController.h */ = {isa = PBXFileReference; fileEncoding = 4; lastKnownFileType = sourcecode.c.h; path = YearPickerViewController.h; sourceTree = "<group>"; };
		847D21D21D9F8F3400B2A5BF /* YearPickerViewController.m */ = {isa = PBXFileReference; fileEncoding = 4; lastKnownFileType = sourcecode.c.objc; path = YearPickerViewController.m; sourceTree = "<group>"; };
		847D21D31D9F8F3400B2A5BF /* YearPickerViewController.xib */ = {isa = PBXFileReference; fileEncoding = 4; lastKnownFileType = file.xib; path = YearPickerViewController.xib; sourceTree = "<group>"; };
		8487858A1D58C96800A2EBFB /* MyTabBar.h */ = {isa = PBXFileReference; fileEncoding = 4; lastKnownFileType = sourcecode.c.h; path = MyTabBar.h; sourceTree = "<group>"; };
		8487858B1D58C96800A2EBFB /* MyTabBar.m */ = {isa = PBXFileReference; fileEncoding = 4; lastKnownFileType = sourcecode.c.objc; path = MyTabBar.m; sourceTree = "<group>"; };
		848785921D58D25100A2EBFB /* UIView+Category.h */ = {isa = PBXFileReference; fileEncoding = 4; lastKnownFileType = sourcecode.c.h; path = "UIView+Category.h"; sourceTree = "<group>"; };
		848785931D58D25100A2EBFB /* UIView+Category.m */ = {isa = PBXFileReference; fileEncoding = 4; lastKnownFileType = sourcecode.c.objc; path = "UIView+Category.m"; sourceTree = "<group>"; };
		8495FDC11E6BFC8200EBC56B /* screenshot.PNG */ = {isa = PBXFileReference; lastKnownFileType = image.png; path = screenshot.PNG; sourceTree = "<group>"; };
		8495FDC61E6BFC8C00EBC56B /* logo.png */ = {isa = PBXFileReference; lastKnownFileType = image.png; path = logo.png; sourceTree = "<group>"; };
		8498A6731D81732F00F9607A /* ListCell.h */ = {isa = PBXFileReference; fileEncoding = 4; lastKnownFileType = sourcecode.c.h; path = ListCell.h; sourceTree = "<group>"; };
		8498A6741D81732F00F9607A /* ListCell.m */ = {isa = PBXFileReference; fileEncoding = 4; lastKnownFileType = sourcecode.c.objc; path = ListCell.m; sourceTree = "<group>"; };
		849906841DACD97600212BCC /* MonthValueFormatter.h */ = {isa = PBXFileReference; fileEncoding = 4; lastKnownFileType = sourcecode.c.h; path = MonthValueFormatter.h; sourceTree = "<group>"; };
		849906851DACD97600212BCC /* MonthValueFormatter.m */ = {isa = PBXFileReference; fileEncoding = 4; lastKnownFileType = sourcecode.c.objc; path = MonthValueFormatter.m; sourceTree = "<group>"; };
		84A9F4F21DC32764000987BE /* CLLockVC.h */ = {isa = PBXFileReference; fileEncoding = 4; lastKnownFileType = sourcecode.c.h; path = CLLockVC.h; sourceTree = "<group>"; };
		84A9F4F31DC32764000987BE /* CLLockVC.m */ = {isa = PBXFileReference; fileEncoding = 4; lastKnownFileType = sourcecode.c.objc; path = CLLockVC.m; sourceTree = "<group>"; };
		84A9F4F41DC32764000987BE /* CLLockVC.xib */ = {isa = PBXFileReference; fileEncoding = 4; lastKnownFileType = file.xib; path = CLLockVC.xib; sourceTree = "<group>"; };
		84A9F4F71DC32764000987BE /* CALayer+Anim.h */ = {isa = PBXFileReference; fileEncoding = 4; lastKnownFileType = sourcecode.c.h; path = "CALayer+Anim.h"; sourceTree = "<group>"; };
		84A9F4F81DC32764000987BE /* CALayer+Anim.m */ = {isa = PBXFileReference; fileEncoding = 4; lastKnownFileType = sourcecode.c.objc; path = "CALayer+Anim.m"; sourceTree = "<group>"; };
		84A9F4FA1DC32764000987BE /* CoreLockConst.h */ = {isa = PBXFileReference; fileEncoding = 4; lastKnownFileType = sourcecode.c.h; path = CoreLockConst.h; sourceTree = "<group>"; };
		84A9F4FB1DC32764000987BE /* CoreLockConst.m */ = {isa = PBXFileReference; fileEncoding = 4; lastKnownFileType = sourcecode.c.objc; path = CoreLockConst.m; sourceTree = "<group>"; };
		84A9F4FD1DC32764000987BE /* CLLockNavVC.h */ = {isa = PBXFileReference; fileEncoding = 4; lastKnownFileType = sourcecode.c.h; path = CLLockNavVC.h; sourceTree = "<group>"; };
		84A9F4FE1DC32764000987BE /* CLLockNavVC.m */ = {isa = PBXFileReference; fileEncoding = 4; lastKnownFileType = sourcecode.c.objc; path = CLLockNavVC.m; sourceTree = "<group>"; };
		84A9F5001DC32764000987BE /* CLLockInfoView.h */ = {isa = PBXFileReference; fileEncoding = 4; lastKnownFileType = sourcecode.c.h; path = CLLockInfoView.h; sourceTree = "<group>"; };
		84A9F5011DC32764000987BE /* CLLockInfoView.m */ = {isa = PBXFileReference; fileEncoding = 4; lastKnownFileType = sourcecode.c.objc; path = CLLockInfoView.m; sourceTree = "<group>"; };
		84A9F5021DC32764000987BE /* CLLockItemView.h */ = {isa = PBXFileReference; fileEncoding = 4; lastKnownFileType = sourcecode.c.h; path = CLLockItemView.h; sourceTree = "<group>"; };
		84A9F5031DC32764000987BE /* CLLockItemView.m */ = {isa = PBXFileReference; fileEncoding = 4; lastKnownFileType = sourcecode.c.objc; path = CLLockItemView.m; sourceTree = "<group>"; };
		84A9F5041DC32764000987BE /* CLLockLabel.h */ = {isa = PBXFileReference; fileEncoding = 4; lastKnownFileType = sourcecode.c.h; path = CLLockLabel.h; sourceTree = "<group>"; };
		84A9F5051DC32764000987BE /* CLLockLabel.m */ = {isa = PBXFileReference; fileEncoding = 4; lastKnownFileType = sourcecode.c.objc; path = CLLockLabel.m; sourceTree = "<group>"; };
		84A9F5061DC32764000987BE /* CLLockMainView.h */ = {isa = PBXFileReference; fileEncoding = 4; lastKnownFileType = sourcecode.c.h; path = CLLockMainView.h; sourceTree = "<group>"; };
		84A9F5071DC32764000987BE /* CLLockMainView.m */ = {isa = PBXFileReference; fileEncoding = 4; lastKnownFileType = sourcecode.c.objc; path = CLLockMainView.m; sourceTree = "<group>"; };
		84A9F5081DC32764000987BE /* CLLockView.h */ = {isa = PBXFileReference; fileEncoding = 4; lastKnownFileType = sourcecode.c.h; path = CLLockView.h; sourceTree = "<group>"; };
		84A9F5091DC32764000987BE /* CLLockView.m */ = {isa = PBXFileReference; fileEncoding = 4; lastKnownFileType = sourcecode.c.objc; path = CLLockView.m; sourceTree = "<group>"; };
		84A9F50D1DC32764000987BE /* NSString+File.h */ = {isa = PBXFileReference; fileEncoding = 4; lastKnownFileType = sourcecode.c.h; path = "NSString+File.h"; sourceTree = "<group>"; };
		84A9F50E1DC32764000987BE /* NSString+File.m */ = {isa = PBXFileReference; fileEncoding = 4; lastKnownFileType = sourcecode.c.objc; path = "NSString+File.m"; sourceTree = "<group>"; };
		84A9F50F1DC32764000987BE /* CoreArchive.h */ = {isa = PBXFileReference; fileEncoding = 4; lastKnownFileType = sourcecode.c.h; path = CoreArchive.h; sourceTree = "<group>"; };
		84A9F5101DC32764000987BE /* CoreArchive.m */ = {isa = PBXFileReference; fileEncoding = 4; lastKnownFileType = sourcecode.c.objc; path = CoreArchive.m; sourceTree = "<group>"; };
		84A9F5121DC32764000987BE /* CoreConst.h */ = {isa = PBXFileReference; fileEncoding = 4; lastKnownFileType = sourcecode.c.h; path = CoreConst.h; sourceTree = "<group>"; };
		84A9F5231DC328D1000987BE /* SecurityViewController.h */ = {isa = PBXFileReference; fileEncoding = 4; lastKnownFileType = sourcecode.c.h; path = SecurityViewController.h; sourceTree = "<group>"; };
		84A9F5241DC328D1000987BE /* SecurityViewController.m */ = {isa = PBXFileReference; fileEncoding = 4; lastKnownFileType = sourcecode.c.objc; path = SecurityViewController.m; sourceTree = "<group>"; };
		84AB462E1DD5C3680032AB6A /* FingerPrintViewController.h */ = {isa = PBXFileReference; fileEncoding = 4; lastKnownFileType = sourcecode.c.h; path = FingerPrintViewController.h; sourceTree = "<group>"; };
		84AB462F1DD5C3680032AB6A /* FingerPrintViewController.m */ = {isa = PBXFileReference; fileEncoding = 4; lastKnownFileType = sourcecode.c.objc; path = FingerPrintViewController.m; sourceTree = "<group>"; };
		84B718001D69A247004ACD8F /* UITextView+Category.h */ = {isa = PBXFileReference; fileEncoding = 4; lastKnownFileType = sourcecode.c.h; path = "UITextView+Category.h"; sourceTree = "<group>"; };
		84B718011D69A247004ACD8F /* UITextView+Category.m */ = {isa = PBXFileReference; fileEncoding = 4; lastKnownFileType = sourcecode.c.objc; path = "UITextView+Category.m"; sourceTree = "<group>"; };
		84B718031D69B6FE004ACD8F /* MyDatePickerController.h */ = {isa = PBXFileReference; fileEncoding = 4; lastKnownFileType = sourcecode.c.h; path = MyDatePickerController.h; sourceTree = "<group>"; };
		84B718041D69B6FE004ACD8F /* MyDatePickerController.m */ = {isa = PBXFileReference; fileEncoding = 4; lastKnownFileType = sourcecode.c.objc; lineEnding = 0; path = MyDatePickerController.m; sourceTree = "<group>"; xcLanguageSpecificationIdentifier = xcode.lang.objc; };
		84B7CB1A1D58C56E0062A48D /* MyTabBarController.h */ = {isa = PBXFileReference; fileEncoding = 4; lastKnownFileType = sourcecode.c.h; path = MyTabBarController.h; sourceTree = "<group>"; };
		84B7CB1B1D58C56E0062A48D /* MyTabBarController.m */ = {isa = PBXFileReference; fileEncoding = 4; lastKnownFileType = sourcecode.c.objc; path = MyTabBarController.m; sourceTree = "<group>"; };
		84B878F01D64882400AA1896 /* CoreLocation.framework */ = {isa = PBXFileReference; lastKnownFileType = wrapper.framework; name = CoreLocation.framework; path = System/Library/Frameworks/CoreLocation.framework; sourceTree = SDKROOT; };
		84BF75141D80079600D4C97D /* zh-Hans-CN */ = {isa = PBXFileReference; lastKnownFileType = text.plist.strings; name = "zh-Hans-CN"; path = "zh-Hans-CN.lproj/Main.strings"; sourceTree = "<group>"; };
		84BF75151D80079600D4C97D /* zh-Hans-CN */ = {isa = PBXFileReference; lastKnownFileType = text.plist.strings; name = "zh-Hans-CN"; path = "zh-Hans-CN.lproj/LaunchScreen.strings"; sourceTree = "<group>"; };
		84BF75191D80093800D4C97D /* zh-Hans-CN */ = {isa = PBXFileReference; lastKnownFileType = text.plist.strings; name = "zh-Hans-CN"; path = "zh-Hans-CN.lproj/Localizable.strings"; sourceTree = "<group>"; };
		84BF751B1D80099600D4C97D /* Base */ = {isa = PBXFileReference; lastKnownFileType = text.plist.strings; name = Base; path = Base.lproj/Localizable.strings; sourceTree = "<group>"; };
		84C9D5F41D9135CA00CDF30F /* CategoryIconInfo.plist */ = {isa = PBXFileReference; fileEncoding = 4; lastKnownFileType = text.plist.xml; path = CategoryIconInfo.plist; sourceTree = "<group>"; };
		84CD5D2E1D6695F0004898C7 /* EditLocationViewController.h */ = {isa = PBXFileReference; fileEncoding = 4; lastKnownFileType = sourcecode.c.h; path = EditLocationViewController.h; sourceTree = "<group>"; };
		84CD5D2F1D6695F0004898C7 /* EditLocationViewController.m */ = {isa = PBXFileReference; fileEncoding = 4; lastKnownFileType = sourcecode.c.objc; lineEnding = 0; path = EditLocationViewController.m; sourceTree = "<group>"; xcLanguageSpecificationIdentifier = xcode.lang.objc; };
		84CD5D301D6695F0004898C7 /* EditLocationViewController.xib */ = {isa = PBXFileReference; fileEncoding = 4; lastKnownFileType = file.xib; path = EditLocationViewController.xib; sourceTree = "<group>"; };
		84CD5D351D66B317004898C7 /* AddItemViewController.storyboard */ = {isa = PBXFileReference; fileEncoding = 4; lastKnownFileType = file.storyboard; path = AddItemViewController.storyboard; sourceTree = "<group>"; };
		84CD5D371D66C296004898C7 /* UIViewController+Category.h */ = {isa = PBXFileReference; fileEncoding = 4; lastKnownFileType = sourcecode.c.h; path = "UIViewController+Category.h"; sourceTree = "<group>"; };
		84CD5D381D66C296004898C7 /* UIViewController+Category.m */ = {isa = PBXFileReference; fileEncoding = 4; lastKnownFileType = sourcecode.c.objc; path = "UIViewController+Category.m"; sourceTree = "<group>"; };
		84D65FC51D97B9AD00C4B015 /* NSNumber+Category.h */ = {isa = PBXFileReference; fileEncoding = 4; lastKnownFileType = sourcecode.c.h; path = "NSNumber+Category.h"; sourceTree = "<group>"; };
		84D65FC61D97B9AD00C4B015 /* NSNumber+Category.m */ = {isa = PBXFileReference; fileEncoding = 4; lastKnownFileType = sourcecode.c.objc; path = "NSNumber+Category.m"; sourceTree = "<group>"; };
		84DD441D1D63F2150045A375 /* AddItemViewController.h */ = {isa = PBXFileReference; fileEncoding = 4; lastKnownFileType = sourcecode.c.h; path = AddItemViewController.h; sourceTree = "<group>"; };
		84DD441E1D63F2150045A375 /* AddItemViewController.m */ = {isa = PBXFileReference; fileEncoding = 4; lastKnownFileType = sourcecode.c.objc; path = AddItemViewController.m; sourceTree = "<group>"; };
		84DD44231D640E460045A375 /* ChooseIconViewController.h */ = {isa = PBXFileReference; fileEncoding = 4; lastKnownFileType = sourcecode.c.h; path = ChooseIconViewController.h; sourceTree = "<group>"; };
		84DD44241D640E460045A375 /* ChooseIconViewController.m */ = {isa = PBXFileReference; fileEncoding = 4; lastKnownFileType = sourcecode.c.objc; path = ChooseIconViewController.m; sourceTree = "<group>"; };
		84DD5ED21D6A906700CBCA99 /* MyDatePickerController.xib */ = {isa = PBXFileReference; fileEncoding = 4; lastKnownFileType = file.xib; path = MyDatePickerController.xib; sourceTree = "<group>"; };
		84E4AFEC1D814BB00014507A /* MyPhoto.h */ = {isa = PBXFileReference; fileEncoding = 4; lastKnownFileType = sourcecode.c.h; path = MyPhoto.h; sourceTree = "<group>"; };
		84E4AFED1D814BB00014507A /* MyPhoto.m */ = {isa = PBXFileReference; fileEncoding = 4; lastKnownFileType = sourcecode.c.objc; path = MyPhoto.m; sourceTree = "<group>"; };
		84EA90D61D769B9800282904 /* SlideMenuViewController.h */ = {isa = PBXFileReference; fileEncoding = 4; lastKnownFileType = sourcecode.c.h; path = SlideMenuViewController.h; sourceTree = "<group>"; };
		84EA90D71D769B9800282904 /* SlideMenuViewController.m */ = {isa = PBXFileReference; fileEncoding = 4; lastKnownFileType = sourcecode.c.objc; path = SlideMenuViewController.m; sourceTree = "<group>"; };
		84EF7F411D8A978400B09310 /* CostItem+CoreDataProperties.h */ = {isa = PBXFileReference; fileEncoding = 4; lastKnownFileType = sourcecode.c.h; path = "CostItem+CoreDataProperties.h"; sourceTree = "<group>"; };
		84EF7F421D8A978400B09310 /* CostItem+CoreDataProperties.m */ = {isa = PBXFileReference; fileEncoding = 4; lastKnownFileType = sourcecode.c.objc; path = "CostItem+CoreDataProperties.m"; sourceTree = "<group>"; };
		84EF7F431D8A978400B09310 /* CostItem.h */ = {isa = PBXFileReference; fileEncoding = 4; lastKnownFileType = sourcecode.c.h; path = CostItem.h; sourceTree = "<group>"; };
		84EF7F441D8A978400B09310 /* CostItem.m */ = {isa = PBXFileReference; fileEncoding = 4; lastKnownFileType = sourcecode.c.objc; path = CostItem.m; sourceTree = "<group>"; };
		F49B0EDDAB5C967C9CB1FA25 /* Pods-CostList.debug.xcconfig */ = {isa = PBXFileReference; includeInIndex = 1; lastKnownFileType = text.xcconfig; name = "Pods-CostList.debug.xcconfig"; path = "Pods/Target Support Files/Pods-CostList/Pods-CostList.debug.xcconfig"; sourceTree = "<group>"; };
/* End PBXFileReference section */

/* Begin PBXFrameworksBuildPhase section */
		84068DC41D580F39003B6F5E /* Frameworks */ = {
			isa = PBXFrameworksBuildPhase;
			buildActionMask = 2147483647;
			files = (
				843BC5DD1E7CD317004357CF /* libsqlite3.tbd in Frameworks */,
				843BC5DB1E7CD309004357CF /* JavaScriptCore.framework in Frameworks */,
				843BC5D91E7CD2FA004357CF /* libstdc++.tbd in Frameworks */,
				843BC5D71E7CD2E7004357CF /* libz.tbd in Frameworks */,
				843BC5D51E7CD2D7004357CF /* libicucore.tbd in Frameworks */,
				847616901D82A9AC001B456F /* CoreData.framework in Frameworks */,
				843BC5CE1E7CD1D1004357CF /* MOBFoundation.framework in Frameworks */,
				843BC5C61E7CD1D1004357CF /* ShareSDKConfigFile.framework in Frameworks */,
				843BE1D11D93C710004F5B77 /* Charts.framework in Frameworks */,
				843BC5C91E7CD1D1004357CF /* ShareSDKUI.framework in Frameworks */,
				843BC5CB1E7CD1D1004357CF /* libWeChatSDK.a in Frameworks */,
				843BC5CA1E7CD1D1004357CF /* WechatConnector.framework in Frameworks */,
				843BC5D01E7CD1D1004357CF /* ShareSDKConnector.framework in Frameworks */,
				84B878F11D64882400AA1896 /* CoreLocation.framework in Frameworks */,
				843BC5C71E7CD1D1004357CF /* ShareSDKExtension.framework in Frameworks */,
				CC76B3E45FFAFD1EB6CA4FD2 /* libPods-CostList.a in Frameworks */,
				843BC5C41E7CD1D1004357CF /* ShareSDK.framework in Frameworks */,
			);
			runOnlyForDeploymentPostprocessing = 0;
		};
		84068DE01D580F39003B6F5E /* Frameworks */ = {
			isa = PBXFrameworksBuildPhase;
			buildActionMask = 2147483647;
			files = (
			);
			runOnlyForDeploymentPostprocessing = 0;
		};
		84068DEB1D580F39003B6F5E /* Frameworks */ = {
			isa = PBXFrameworksBuildPhase;
			buildActionMask = 2147483647;
			files = (
			);
			runOnlyForDeploymentPostprocessing = 0;
		};
/* End PBXFrameworksBuildPhase section */

/* Begin PBXGroup section */
		721F5C4A0BD21BA6C7ACCB9E /* Frameworks */ = {
			isa = PBXGroup;
			children = (
				843BC5DC1E7CD317004357CF /* libsqlite3.tbd */,
				843BC5DA1E7CD309004357CF /* JavaScriptCore.framework */,
				843BC5D81E7CD2FA004357CF /* libstdc++.tbd */,
				843BC5D61E7CD2E7004357CF /* libz.tbd */,
				843BC5D41E7CD2D7004357CF /* libicucore.tbd */,
				8476168F1D82A9AC001B456F /* CoreData.framework */,
				84B878F01D64882400AA1896 /* CoreLocation.framework */,
				844CC22A1D61F11A00B2050B /* Accelerate.framework */,
				48BDF009FEBDE9A22FE33EC9 /* libPods-CostList.a */,
			);
			name = Frameworks;
			sourceTree = "<group>";
		};
		8403AC951D7C2EDE000F5977 /* SubClass */ = {
			isa = PBXGroup;
			children = (
				84E4AFEC1D814BB00014507A /* MyPhoto.h */,
				84E4AFED1D814BB00014507A /* MyPhoto.m */,
				849906841DACD97600212BCC /* MonthValueFormatter.h */,
				849906851DACD97600212BCC /* MonthValueFormatter.m */,
			);
			name = SubClass;
			sourceTree = "<group>";
		};
		84068DBE1D580F39003B6F5E = {
			isa = PBXGroup;
			children = (
				8495FDC61E6BFC8C00EBC56B /* logo.png */,
				8495FDC11E6BFC8200EBC56B /* screenshot.PNG */,
				845A4EEB1E6C68DF00306233 /* architecture.jpg */,
				843BC5AD1E7CD1D0004357CF /* ShareSDK */,
				843BE1C21D93C6EE004F5B77 /* Charts.xcodeproj */,
				84068DC91D580F39003B6F5E /* CostList */,
				84068DE61D580F39003B6F5E /* CostListTests */,
				84068DF11D580F39003B6F5E /* CostListUITests */,
				84068DC81D580F39003B6F5E /* Products */,
				721F5C4A0BD21BA6C7ACCB9E /* Frameworks */,
				D20D0225472BD90DFE696CB4 /* Pods */,
			);
			sourceTree = "<group>";
		};
		84068DC81D580F39003B6F5E /* Products */ = {
			isa = PBXGroup;
			children = (
				84068DC71D580F39003B6F5E /* CostList.app */,
				84068DE31D580F39003B6F5E /* CostListTests.xctest */,
				84068DEE1D580F39003B6F5E /* CostListUITests.xctest */,
			);
			name = Products;
			sourceTree = "<group>";
		};
		84068DC91D580F39003B6F5E /* CostList */ = {
			isa = PBXGroup;
			children = (
				84068DCD1D580F39003B6F5E /* AppDelegate.h */,
				84068DCE1D580F39003B6F5E /* AppDelegate.m */,
				8476168E1D82A907001B456F /* DataModel */,
				848785891D58C7F100A2EBFB /* Controller */,
				8487858D1D58C97100A2EBFB /* View */,
				848785911D58D14900A2EBFB /* Category */,
				8403AC951D7C2EDE000F5977 /* SubClass */,
				84068DD91D580F39003B6F5E /* Assets.xcassets */,
				84068DCA1D580F39003B6F5E /* Supporting Files */,
			);
			path = CostList;
			sourceTree = "<group>";
		};
		84068DCA1D580F39003B6F5E /* Supporting Files */ = {
			isa = PBXGroup;
			children = (
				8464BC871D5DCB4C00774350 /* PrefixHeader.pch */,
				84068DDB1D580F39003B6F5E /* LaunchScreen.storyboard */,
				84068DCB1D580F39003B6F5E /* main.m */,
				84068DDE1D580F39003B6F5E /* Info.plist */,
				84BF751A1D80093800D4C97D /* Localizable.strings */,
				843BE1DB1D93C739004F5B77 /* File.swift */,
				843BE1DA1D93C738004F5B77 /* CostList-Bridging-Header.h */,
			);
			name = "Supporting Files";
			sourceTree = "<group>";
		};
		84068DE61D580F39003B6F5E /* CostListTests */ = {
			isa = PBXGroup;
			children = (
				84068DE71D580F39003B6F5E /* CostListTests.m */,
				84068DE91D580F39003B6F5E /* Info.plist */,
			);
			path = CostListTests;
			sourceTree = "<group>";
		};
		84068DF11D580F39003B6F5E /* CostListUITests */ = {
			isa = PBXGroup;
			children = (
				84068DF21D580F39003B6F5E /* CostListUITests.m */,
				84068DF41D580F39003B6F5E /* Info.plist */,
			);
			path = CostListUITests;
			sourceTree = "<group>";
		};
		8410A2A41E7E7FCD0006CCEA /* 指纹识别 */ = {
			isa = PBXGroup;
			children = (
				84AB462E1DD5C3680032AB6A /* FingerPrintViewController.h */,
				84AB462F1DD5C3680032AB6A /* FingerPrintViewController.m */,
			);
			name = "指纹识别";
			sourceTree = "<group>";
		};
		8410A2A81E7E7FE90006CCEA /* 安全保护 */ = {
			isa = PBXGroup;
			children = (
				84A9F5231DC328D1000987BE /* SecurityViewController.h */,
				84A9F5241DC328D1000987BE /* SecurityViewController.m */,
				84A9F5221DC32771000987BE /* 手势解锁 */,
				8410A2A41E7E7FCD0006CCEA /* 指纹识别 */,
			);
			name = "安全保护";
			sourceTree = "<group>";
		};
		8410A2A91E7E7FFF0006CCEA /* 设置提醒 */ = {
			isa = PBXGroup;
			children = (
				8410A2AA1E7E80B20006CCEA /* AlertListViewController.h */,
				8410A2AB1E7E80B20006CCEA /* AlertListViewController.m */,
				8410A2AD1E7E8DA00006CCEA /* AlertEditTableViewController.h */,
				8410A2AE1E7E8DA00006CCEA /* AlertEditTableViewController.m */,
				8410A2BD1E7EDFCF0006CCEA /* NotificationModel.h */,
				8410A2BE1E7EDFCF0006CCEA /* NotificationModel.m */,
			);
			name = "设置提醒";
			sourceTree = "<group>";
		};
		8437DB001DC08AF0005F271A /* 添加/修改账目界面 */ = {
			isa = PBXGroup;
			children = (
				8403AC9C1D7C38E3000F5977 /* MyNavigationController.h */,
				8403AC9D1D7C38E3000F5977 /* MyNavigationController.m */,
				84DD441D1D63F2150045A375 /* AddItemViewController.h */,
				84DD441E1D63F2150045A375 /* AddItemViewController.m */,
				84DD44231D640E460045A375 /* ChooseIconViewController.h */,
				84DD44241D640E460045A375 /* ChooseIconViewController.m */,
				84CD5D351D66B317004898C7 /* AddItemViewController.storyboard */,
				8403AC991D7C2F2F000F5977 /* MyImagePickerController.h */,
				8403AC9A1D7C2F2F000F5977 /* MyImagePickerController.m */,
				84CD5D2E1D6695F0004898C7 /* EditLocationViewController.h */,
				84CD5D2F1D6695F0004898C7 /* EditLocationViewController.m */,
				84CD5D301D6695F0004898C7 /* EditLocationViewController.xib */,
			);
			name = "添加/修改账目界面";
			sourceTree = "<group>";
		};
		843BC5AD1E7CD1D0004357CF /* ShareSDK */ = {
			isa = PBXGroup;
			children = (
				843BC5AE1E7CD1D0004357CF /* ShareSDK.framework */,
				843BC5AF1E7CD1D0004357CF /* Support */,
			);
			path = ShareSDK;
			sourceTree = "<group>";
		};
		843BC5AF1E7CD1D0004357CF /* Support */ = {
			isa = PBXGroup;
			children = (
				843BC5B01E7CD1D0004357CF /* Optional */,
				843BC5B61E7CD1D0004357CF /* PlatformConnector */,
				843BC5B81E7CD1D1004357CF /* PlatformSDK */,
				843BC5C01E7CD1D1004357CF /* Required */,
			);
			path = Support;
			sourceTree = "<group>";
		};
		843BC5B01E7CD1D0004357CF /* Optional */ = {
			isa = PBXGroup;
			children = (
				843BC5B11E7CD1D0004357CF /* ShareSDKConfigFile.bundle */,
				843BC5B21E7CD1D0004357CF /* ShareSDKConfigFile.framework */,
				843BC5B31E7CD1D0004357CF /* ShareSDKExtension.framework */,
				843BC5B41E7CD1D0004357CF /* ShareSDKUI.bundle */,
				843BC5B51E7CD1D0004357CF /* ShareSDKUI.framework */,
			);
			path = Optional;
			sourceTree = "<group>";
		};
		843BC5B61E7CD1D0004357CF /* PlatformConnector */ = {
			isa = PBXGroup;
			children = (
				843BC5B71E7CD1D1004357CF /* WechatConnector.framework */,
			);
			path = PlatformConnector;
			sourceTree = "<group>";
		};
		843BC5B81E7CD1D1004357CF /* PlatformSDK */ = {
			isa = PBXGroup;
			children = (
				843BC5B91E7CD1D1004357CF /* WeChatSDK */,
			);
			path = PlatformSDK;
			sourceTree = "<group>";
		};
		843BC5B91E7CD1D1004357CF /* WeChatSDK */ = {
			isa = PBXGroup;
			children = (
				843BC5BA1E7CD1D1004357CF /* libWeChatSDK.a */,
				843BC5BB1E7CD1D1004357CF /* read_me.txt */,
				843BC5BC1E7CD1D1004357CF /* README.txt */,
				843BC5BD1E7CD1D1004357CF /* WechatAuthSDK.h */,
				843BC5BE1E7CD1D1004357CF /* WXApi.h */,
				843BC5BF1E7CD1D1004357CF /* WXApiObject.h */,
			);
			path = WeChatSDK;
			sourceTree = "<group>";
		};
		843BC5C01E7CD1D1004357CF /* Required */ = {
			isa = PBXGroup;
			children = (
				843BC5C11E7CD1D1004357CF /* MOBFoundation.framework */,
				843BC5C21E7CD1D1004357CF /* ShareSDK.bundle */,
				843BC5C31E7CD1D1004357CF /* ShareSDKConnector.framework */,
			);
			path = Required;
			sourceTree = "<group>";
		};
		843BE1C31D93C6EE004F5B77 /* Products */ = {
			isa = PBXGroup;
			children = (
				843BE1CA1D93C6EE004F5B77 /* Charts.framework */,
				843BE1CC1D93C6EE004F5B77 /* ChartsTests.xctest */,
				843BE1CE1D93C6EE004F5B77 /* ChartsRealm.framework */,
				843BE1D01D93C6EE004F5B77 /* ChartsRealmTests.xctest */,
			);
			name = Products;
			sourceTree = "<group>";
		};
		8448F5051DB9B891004CA625 /* 年、月、日、时间和周期选择器 */ = {
			isa = PBXGroup;
			children = (
				843084DD1D5DA3F70091F0BC /* MonthPickerViewController.h */,
				843084DE1D5DA3F70091F0BC /* MonthPickerViewController.m */,
				843084D81D5D9B8E0091F0BC /* MonthPickerViewController.xib */,
				847D21D11D9F8F3400B2A5BF /* YearPickerViewController.h */,
				847D21D21D9F8F3400B2A5BF /* YearPickerViewController.m */,
				847D21D31D9F8F3400B2A5BF /* YearPickerViewController.xib */,
				84B718031D69B6FE004ACD8F /* MyDatePickerController.h */,
				84B718041D69B6FE004ACD8F /* MyDatePickerController.m */,
				84DD5ED21D6A906700CBCA99 /* MyDatePickerController.xib */,
				8410A2B01E7E9F3F0006CCEA /* MyTimePickerController.h */,
				8410A2B11E7E9F3F0006CCEA /* MyTimePickerController.m */,
				8410A2B51E7EA1E00006CCEA /* MyTimePickerController.xib */,
				8410A2B71E7EC45A0006CCEA /* CyclePickerViewController.h */,
				8410A2B81E7EC45A0006CCEA /* CyclePickerViewController.m */,
				8410A2B91E7EC45A0006CCEA /* CyclePickerViewController.xib */,
			);
			name = "年、月、日、时间和周期选择器";
			sourceTree = "<group>";
		};
		8476168E1D82A907001B456F /* DataModel */ = {
			isa = PBXGroup;
			children = (
				847616851D82A705001B456F /* DataModel.xcdatamodeld */,
				84EF7F411D8A978400B09310 /* CostItem+CoreDataProperties.h */,
				84EF7F421D8A978400B09310 /* CostItem+CoreDataProperties.m */,
				84EF7F431D8A978400B09310 /* CostItem.h */,
				84EF7F441D8A978400B09310 /* CostItem.m */,
				847756431DB9C28700DBA40C /* DataModelHandler.h */,
				847756441DB9C28700DBA40C /* DataModelHandler.m */,
				84C9D5F41D9135CA00CDF30F /* CategoryIconInfo.plist */,
			);
			name = DataModel;
			sourceTree = "<group>";
		};
		848785891D58C7F100A2EBFB /* Controller */ = {
			isa = PBXGroup;
			children = (
				84068DD61D580F39003B6F5E /* Main.storyboard */,
				84B7CB1A1D58C56E0062A48D /* MyTabBarController.h */,
				84B7CB1B1D58C56E0062A48D /* MyTabBarController.m */,
				84068E001D58130E003B6F5E /* ListTableViewController.h */,
				84068E011D58130E003B6F5E /* ListTableViewController.m */,
				8472E4C31DB35D20000E6B18 /* SearchViewController.h */,
				8472E4C41DB35D20000E6B18 /* SearchViewController.m */,
				84068E031D58135D003B6F5E /* ChartTableViewController.h */,
				84068E041D58135D003B6F5E /* ChartTableViewController.m */,
				848BE5131DDC09AA00C1E1CB /* 侧栏相关功能 */,
				8448F5051DB9B891004CA625 /* 年、月、日、时间和周期选择器 */,
				8437DB001DC08AF0005F271A /* 添加/修改账目界面 */,
			);
			name = Controller;
			sourceTree = "<group>";
		};
		8487858D1D58C97100A2EBFB /* View */ = {
			isa = PBXGroup;
			children = (
				8487858A1D58C96800A2EBFB /* MyTabBar.h */,
				8487858B1D58C96800A2EBFB /* MyTabBar.m */,
				8498A6731D81732F00F9607A /* ListCell.h */,
				8498A6741D81732F00F9607A /* ListCell.m */,
				84434EDC1D8407AC00F989BE /* ListCommentCell.h */,
				84434EDD1D8407AC00F989BE /* ListCommentCell.m */,
			);
			name = View;
			sourceTree = "<group>";
		};
		848785911D58D14900A2EBFB /* Category */ = {
			isa = PBXGroup;
			children = (
				848785921D58D25100A2EBFB /* UIView+Category.h */,
				848785931D58D25100A2EBFB /* UIView+Category.m */,
				845E62861D6313DD00224162 /* UIImage+Category.h */,
				845E62871D6313DD00224162 /* UIImage+Category.m */,
				84CD5D371D66C296004898C7 /* UIViewController+Category.h */,
				84CD5D381D66C296004898C7 /* UIViewController+Category.m */,
				84B718001D69A247004ACD8F /* UITextView+Category.h */,
				84B718011D69A247004ACD8F /* UITextView+Category.m */,
				84D65FC51D97B9AD00C4B015 /* NSNumber+Category.h */,
				84D65FC61D97B9AD00C4B015 /* NSNumber+Category.m */,
				8453EA751D99175E00EDFE46 /* UIColor+Category.h */,
				8453EA761D99175E00EDFE46 /* UIColor+Category.m */,
			);
			name = Category;
			sourceTree = "<group>";
		};
		848BE5131DDC09AA00C1E1CB /* 侧栏相关功能 */ = {
			isa = PBXGroup;
			children = (
				8437DB011DC08BD9005F271A /* SlideNavigationViewController.h */,
				8437DB021DC08BD9005F271A /* SlideNavigationViewController.m */,
				84EA90D61D769B9800282904 /* SlideMenuViewController.h */,
				84EA90D71D769B9800282904 /* SlideMenuViewController.m */,
				8410A2A91E7E7FFF0006CCEA /* 设置提醒 */,
				8410A2A81E7E7FE90006CCEA /* 安全保护 */,
			);
			name = "侧栏相关功能";
			sourceTree = "<group>";
		};
		84A9F4F11DC32764000987BE /* CoreLock */ = {
			isa = PBXGroup;
			children = (
				84A9F4F21DC32764000987BE /* CLLockVC.h */,
				84A9F4F31DC32764000987BE /* CLLockVC.m */,
				84A9F4F41DC32764000987BE /* CLLockVC.xib */,
				84A9F4F51DC32764000987BE /* Lib */,
			);
			path = CoreLock;
			sourceTree = "<group>";
		};
		84A9F4F51DC32764000987BE /* Lib */ = {
			isa = PBXGroup;
			children = (
				84A9F4F61DC32764000987BE /* Category */,
				84A9F4F91DC32764000987BE /* Const */,
				84A9F4FC1DC32764000987BE /* Controller */,
				84A9F4FF1DC32764000987BE /* View */,
			);
			path = Lib;
			sourceTree = "<group>";
		};
		84A9F4F61DC32764000987BE /* Category */ = {
			isa = PBXGroup;
			children = (
				84A9F4F71DC32764000987BE /* CALayer+Anim.h */,
				84A9F4F81DC32764000987BE /* CALayer+Anim.m */,
			);
			path = Category;
			sourceTree = "<group>";
		};
		84A9F4F91DC32764000987BE /* Const */ = {
			isa = PBXGroup;
			children = (
				84A9F4FA1DC32764000987BE /* CoreLockConst.h */,
				84A9F4FB1DC32764000987BE /* CoreLockConst.m */,
			);
			path = Const;
			sourceTree = "<group>";
		};
		84A9F4FC1DC32764000987BE /* Controller */ = {
			isa = PBXGroup;
			children = (
				84A9F4FD1DC32764000987BE /* CLLockNavVC.h */,
				84A9F4FE1DC32764000987BE /* CLLockNavVC.m */,
			);
			path = Controller;
			sourceTree = "<group>";
		};
		84A9F4FF1DC32764000987BE /* View */ = {
			isa = PBXGroup;
			children = (
				84A9F5001DC32764000987BE /* CLLockInfoView.h */,
				84A9F5011DC32764000987BE /* CLLockInfoView.m */,
				84A9F5021DC32764000987BE /* CLLockItemView.h */,
				84A9F5031DC32764000987BE /* CLLockItemView.m */,
				84A9F5041DC32764000987BE /* CLLockLabel.h */,
				84A9F5051DC32764000987BE /* CLLockLabel.m */,
				84A9F5061DC32764000987BE /* CLLockMainView.h */,
				84A9F5071DC32764000987BE /* CLLockMainView.m */,
				84A9F5081DC32764000987BE /* CLLockView.h */,
				84A9F5091DC32764000987BE /* CLLockView.m */,
			);
			path = View;
			sourceTree = "<group>";
		};
		84A9F50A1DC32764000987BE /* FrameWork */ = {
			isa = PBXGroup;
			children = (
				84A9F50B1DC32764000987BE /* CoreArchive */,
				84A9F5111DC32764000987BE /* CoreExtend */,
			);
			path = FrameWork;
			sourceTree = "<group>";
		};
		84A9F50B1DC32764000987BE /* CoreArchive */ = {
			isa = PBXGroup;
			children = (
				84A9F50C1DC32764000987BE /* Category */,
				84A9F50F1DC32764000987BE /* CoreArchive.h */,
				84A9F5101DC32764000987BE /* CoreArchive.m */,
			);
			path = CoreArchive;
			sourceTree = "<group>";
		};
		84A9F50C1DC32764000987BE /* Category */ = {
			isa = PBXGroup;
			children = (
				84A9F50D1DC32764000987BE /* NSString+File.h */,
				84A9F50E1DC32764000987BE /* NSString+File.m */,
			);
			path = Category;
			sourceTree = "<group>";
		};
		84A9F5111DC32764000987BE /* CoreExtend */ = {
			isa = PBXGroup;
			children = (
				84A9F5121DC32764000987BE /* CoreConst.h */,
			);
			path = CoreExtend;
			sourceTree = "<group>";
		};
		84A9F5221DC32771000987BE /* 手势解锁 */ = {
			isa = PBXGroup;
			children = (
				84A9F4F11DC32764000987BE /* CoreLock */,
				84A9F50A1DC32764000987BE /* FrameWork */,
			);
			name = "手势解锁";
			sourceTree = "<group>";
		};
		D20D0225472BD90DFE696CB4 /* Pods */ = {
			isa = PBXGroup;
			children = (
				F49B0EDDAB5C967C9CB1FA25 /* Pods-CostList.debug.xcconfig */,
				5C856ADB38BE846DD21F8F72 /* Pods-CostList.release.xcconfig */,
			);
			name = Pods;
			sourceTree = "<group>";
		};
/* End PBXGroup section */

/* Begin PBXNativeTarget section */
		84068DC61D580F39003B6F5E /* CostList */ = {
			isa = PBXNativeTarget;
			buildConfigurationList = 84068DF71D580F39003B6F5E /* Build configuration list for PBXNativeTarget "CostList" */;
			buildPhases = (
				9202554401E42D2C17147E54 /* [CP] Check Pods Manifest.lock */,
				84068DC31D580F39003B6F5E /* Sources */,
				84068DC41D580F39003B6F5E /* Frameworks */,
				84068DC51D580F39003B6F5E /* Resources */,
				E99D78D33F35B4678D8C2B85 /* [CP] Embed Pods Frameworks */,
				74556255F540F80B3222EC8F /* [CP] Copy Pods Resources */,
				843BE1D91D93C710004F5B77 /* Embed Frameworks */,
			);
			buildRules = (
			);
			dependencies = (
				843BE1D41D93C710004F5B77 /* PBXTargetDependency */,
			);
			name = CostList;
			productName = CostList;
			productReference = 84068DC71D580F39003B6F5E /* CostList.app */;
			productType = "com.apple.product-type.application";
		};
		84068DE21D580F39003B6F5E /* CostListTests */ = {
			isa = PBXNativeTarget;
			buildConfigurationList = 84068DFA1D580F39003B6F5E /* Build configuration list for PBXNativeTarget "CostListTests" */;
			buildPhases = (
				84068DDF1D580F39003B6F5E /* Sources */,
				84068DE01D580F39003B6F5E /* Frameworks */,
				84068DE11D580F39003B6F5E /* Resources */,
			);
			buildRules = (
			);
			dependencies = (
				84068DE51D580F39003B6F5E /* PBXTargetDependency */,
			);
			name = CostListTests;
			productName = CostListTests;
			productReference = 84068DE31D580F39003B6F5E /* CostListTests.xctest */;
			productType = "com.apple.product-type.bundle.unit-test";
		};
		84068DED1D580F39003B6F5E /* CostListUITests */ = {
			isa = PBXNativeTarget;
			buildConfigurationList = 84068DFD1D580F39003B6F5E /* Build configuration list for PBXNativeTarget "CostListUITests" */;
			buildPhases = (
				84068DEA1D580F39003B6F5E /* Sources */,
				84068DEB1D580F39003B6F5E /* Frameworks */,
				84068DEC1D580F39003B6F5E /* Resources */,
			);
			buildRules = (
			);
			dependencies = (
				84068DF01D580F39003B6F5E /* PBXTargetDependency */,
			);
			name = CostListUITests;
			productName = CostListUITests;
			productReference = 84068DEE1D580F39003B6F5E /* CostListUITests.xctest */;
			productType = "com.apple.product-type.bundle.ui-testing";
		};
/* End PBXNativeTarget section */

/* Begin PBXProject section */
		84068DBF1D580F39003B6F5E /* Project object */ = {
			isa = PBXProject;
			attributes = {
				LastUpgradeCheck = 0800;
				ORGANIZATIONNAME = XuDeHong;
				TargetAttributes = {
					84068DC61D580F39003B6F5E = {
						CreatedOnToolsVersion = 7.3.1;
						DevelopmentTeam = TTY47Y3GT3;
						LastSwiftMigration = 0800;
						ProvisioningStyle = Automatic;
						SystemCapabilities = {
							com.apple.BackgroundModes = {
								enabled = 1;
							};
						};
					};
					84068DE21D580F39003B6F5E = {
						CreatedOnToolsVersion = 7.3.1;
						DevelopmentTeam = TTY47Y3GT3;
						TestTargetID = 84068DC61D580F39003B6F5E;
					};
					84068DED1D580F39003B6F5E = {
						CreatedOnToolsVersion = 7.3.1;
						DevelopmentTeam = TTY47Y3GT3;
						TestTargetID = 84068DC61D580F39003B6F5E;
					};
				};
			};
			buildConfigurationList = 84068DC21D580F39003B6F5E /* Build configuration list for PBXProject "CostList" */;
			compatibilityVersion = "Xcode 3.2";
			developmentRegion = English;
			hasScannedForEncodings = 0;
			knownRegions = (
				en,
				Base,
			);
			mainGroup = 84068DBE1D580F39003B6F5E;
			productRefGroup = 84068DC81D580F39003B6F5E /* Products */;
			projectDirPath = "";
			projectReferences = (
				{
					ProductGroup = 843BE1C31D93C6EE004F5B77 /* Products */;
					ProjectRef = 843BE1C21D93C6EE004F5B77 /* Charts.xcodeproj */;
				},
			);
			projectRoot = "";
			targets = (
				84068DC61D580F39003B6F5E /* CostList */,
				84068DE21D580F39003B6F5E /* CostListTests */,
				84068DED1D580F39003B6F5E /* CostListUITests */,
			);
		};
/* End PBXProject section */

/* Begin PBXReferenceProxy section */
		843BE1CA1D93C6EE004F5B77 /* Charts.framework */ = {
			isa = PBXReferenceProxy;
			fileType = wrapper.framework;
			path = Charts.framework;
			remoteRef = 843BE1C91D93C6EE004F5B77 /* PBXContainerItemProxy */;
			sourceTree = BUILT_PRODUCTS_DIR;
		};
		843BE1CC1D93C6EE004F5B77 /* ChartsTests.xctest */ = {
			isa = PBXReferenceProxy;
			fileType = wrapper.cfbundle;
			path = ChartsTests.xctest;
			remoteRef = 843BE1CB1D93C6EE004F5B77 /* PBXContainerItemProxy */;
			sourceTree = BUILT_PRODUCTS_DIR;
		};
		843BE1CE1D93C6EE004F5B77 /* ChartsRealm.framework */ = {
			isa = PBXReferenceProxy;
			fileType = wrapper.framework;
			path = ChartsRealm.framework;
			remoteRef = 843BE1CD1D93C6EE004F5B77 /* PBXContainerItemProxy */;
			sourceTree = BUILT_PRODUCTS_DIR;
		};
		843BE1D01D93C6EE004F5B77 /* ChartsRealmTests.xctest */ = {
			isa = PBXReferenceProxy;
			fileType = wrapper.cfbundle;
			path = ChartsRealmTests.xctest;
			remoteRef = 843BE1CF1D93C6EE004F5B77 /* PBXContainerItemProxy */;
			sourceTree = BUILT_PRODUCTS_DIR;
		};
/* End PBXReferenceProxy section */

/* Begin PBXResourcesBuildPhase section */
		84068DC51D580F39003B6F5E /* Resources */ = {
			isa = PBXResourcesBuildPhase;
			buildActionMask = 2147483647;
			files = (
				845A4EEC1E6C68DF00306233 /* architecture.jpg in Resources */,
				8495FDC71E6BFC8C00EBC56B /* logo.png in Resources */,
				843BC5CF1E7CD1D1004357CF /* ShareSDK.bundle in Resources */,
				84CD5D321D6695F0004898C7 /* EditLocationViewController.xib in Resources */,
				84068DDD1D580F39003B6F5E /* LaunchScreen.storyboard in Resources */,
				843BC5CC1E7CD1D1004357CF /* read_me.txt in Resources */,
				8410A2BB1E7EC45A0006CCEA /* CyclePickerViewController.xib in Resources */,
				8410A2B61E7EA1E00006CCEA /* MyTimePickerController.xib in Resources */,
				847D21D51D9F8F3400B2A5BF /* YearPickerViewController.xib in Resources */,
				8495FDC21E6BFC8200EBC56B /* screenshot.PNG in Resources */,
				84CD5D361D66B317004898C7 /* AddItemViewController.storyboard in Resources */,
				84BF75181D80093800D4C97D /* Localizable.strings in Resources */,
				843BC5C51E7CD1D1004357CF /* ShareSDKConfigFile.bundle in Resources */,
				843BC5CD1E7CD1D1004357CF /* README.txt in Resources */,
				84C9D5F51D9135CA00CDF30F /* CategoryIconInfo.plist in Resources */,
				84DD5ED31D6A906700CBCA99 /* MyDatePickerController.xib in Resources */,
				84A9F5141DC32764000987BE /* CLLockVC.xib in Resources */,
				843BC5C81E7CD1D1004357CF /* ShareSDKUI.bundle in Resources */,
				84068DDA1D580F39003B6F5E /* Assets.xcassets in Resources */,
				84068DD81D580F39003B6F5E /* Main.storyboard in Resources */,
				843084D91D5D9B8E0091F0BC /* MonthPickerViewController.xib in Resources */,
			);
			runOnlyForDeploymentPostprocessing = 0;
		};
		84068DE11D580F39003B6F5E /* Resources */ = {
			isa = PBXResourcesBuildPhase;
			buildActionMask = 2147483647;
			files = (
			);
			runOnlyForDeploymentPostprocessing = 0;
		};
		84068DEC1D580F39003B6F5E /* Resources */ = {
			isa = PBXResourcesBuildPhase;
			buildActionMask = 2147483647;
			files = (
			);
			runOnlyForDeploymentPostprocessing = 0;
		};
/* End PBXResourcesBuildPhase section */

/* Begin PBXShellScriptBuildPhase section */
		74556255F540F80B3222EC8F /* [CP] Copy Pods Resources */ = {
			isa = PBXShellScriptBuildPhase;
			buildActionMask = 2147483647;
			files = (
			);
			inputPaths = (
			);
			name = "[CP] Copy Pods Resources";
			outputPaths = (
			);
			runOnlyForDeploymentPostprocessing = 0;
			shellPath = /bin/sh;
			shellScript = "\"${SRCROOT}/Pods/Target Support Files/Pods-CostList/Pods-CostList-resources.sh\"\n";
			showEnvVarsInLog = 0;
		};
		9202554401E42D2C17147E54 /* [CP] Check Pods Manifest.lock */ = {
			isa = PBXShellScriptBuildPhase;
			buildActionMask = 2147483647;
			files = (
			);
			inputPaths = (
			);
			name = "[CP] Check Pods Manifest.lock";
			outputPaths = (
			);
			runOnlyForDeploymentPostprocessing = 0;
			shellPath = /bin/sh;
			shellScript = "diff \"${PODS_ROOT}/../Podfile.lock\" \"${PODS_ROOT}/Manifest.lock\" > /dev/null\nif [ $? != 0 ] ; then\n    # print error to STDERR\n    echo \"error: The sandbox is not in sync with the Podfile.lock. Run 'pod install' or update your CocoaPods installation.\" >&2\n    exit 1\nfi\n";
			showEnvVarsInLog = 0;
		};
		E99D78D33F35B4678D8C2B85 /* [CP] Embed Pods Frameworks */ = {
			isa = PBXShellScriptBuildPhase;
			buildActionMask = 2147483647;
			files = (
			);
			inputPaths = (
			);
			name = "[CP] Embed Pods Frameworks";
			outputPaths = (
			);
			runOnlyForDeploymentPostprocessing = 0;
			shellPath = /bin/sh;
			shellScript = "\"${SRCROOT}/Pods/Target Support Files/Pods-CostList/Pods-CostList-frameworks.sh\"\n";
			showEnvVarsInLog = 0;
		};
/* End PBXShellScriptBuildPhase section */

/* Begin PBXSourcesBuildPhase section */
		84068DC31D580F39003B6F5E /* Sources */ = {
			isa = PBXSourcesBuildPhase;
			buildActionMask = 2147483647;
			files = (
				84E4AFEE1D814BB00014507A /* MyPhoto.m in Sources */,
				8498A6751D81732F00F9607A /* ListCell.m in Sources */,
				84A9F5251DC328D1000987BE /* SecurityViewController.m in Sources */,
				84434EDE1D8407AC00F989BE /* ListCommentCell.m in Sources */,
				84A9F51B1DC32764000987BE /* CLLockMainView.m in Sources */,
				84EF7F451D8A978400B09310 /* CostItem+CoreDataProperties.m in Sources */,
				84CD5D391D66C296004898C7 /* UIViewController+Category.m in Sources */,
				84CD5D311D6695F0004898C7 /* EditLocationViewController.m in Sources */,
				84A9F5151DC32764000987BE /* CALayer+Anim.m in Sources */,
				84AB46301DD5C3680032AB6A /* FingerPrintViewController.m in Sources */,
				84D65FC71D97B9AD00C4B015 /* NSNumber+Category.m in Sources */,
				84DD441F1D63F2150045A375 /* AddItemViewController.m in Sources */,
				8410A2BF1E7EDFCF0006CCEA /* NotificationModel.m in Sources */,
				84068DCF1D580F39003B6F5E /* AppDelegate.m in Sources */,
				8403AC9B1D7C2F2F000F5977 /* MyImagePickerController.m in Sources */,
				8472E4C51DB35D20000E6B18 /* SearchViewController.m in Sources */,
				84A9F51A1DC32764000987BE /* CLLockLabel.m in Sources */,
				848785941D58D25100A2EBFB /* UIView+Category.m in Sources */,
				8487858C1D58C96800A2EBFB /* MyTabBar.m in Sources */,
				843084E01D5DA3F70091F0BC /* MonthPickerViewController.m in Sources */,
				84EF7F461D8A978400B09310 /* CostItem.m in Sources */,
				8453EA771D99175E00EDFE46 /* UIColor+Category.m in Sources */,
				8410A2B31E7E9F3F0006CCEA /* MyTimePickerController.m in Sources */,
				8410A2AF1E7E8DA00006CCEA /* AlertEditTableViewController.m in Sources */,
				847616871D82A705001B456F /* DataModel.xcdatamodeld in Sources */,
				84068DCC1D580F39003B6F5E /* main.m in Sources */,
				84B718051D69B6FE004ACD8F /* MyDatePickerController.m in Sources */,
				847D21D41D9F8F3400B2A5BF /* YearPickerViewController.m in Sources */,
				84EA90D81D769B9800282904 /* SlideMenuViewController.m in Sources */,
				84A9F5181DC32764000987BE /* CLLockInfoView.m in Sources */,
				8410A2BA1E7EC45A0006CCEA /* CyclePickerViewController.m in Sources */,
				84068E051D58135D003B6F5E /* ChartTableViewController.m in Sources */,
				84B7CB1C1D58C56E0062A48D /* MyTabBarController.m in Sources */,
				847756451DB9C28700DBA40C /* DataModelHandler.m in Sources */,
				84068E021D58130E003B6F5E /* ListTableViewController.m in Sources */,
				84A9F5191DC32764000987BE /* CLLockItemView.m in Sources */,
				84B718021D69A247004ACD8F /* UITextView+Category.m in Sources */,
				84A9F51D1DC32764000987BE /* NSString+File.m in Sources */,
				8410A2AC1E7E80B20006CCEA /* AlertListViewController.m in Sources */,
				8437DB031DC08BD9005F271A /* SlideNavigationViewController.m in Sources */,
				849906861DACD97600212BCC /* MonthValueFormatter.m in Sources */,
				84A9F5131DC32764000987BE /* CLLockVC.m in Sources */,
				84A9F5171DC32764000987BE /* CLLockNavVC.m in Sources */,
				8403AC9E1D7C38E3000F5977 /* MyNavigationController.m in Sources */,
				843BE1DC1D93C739004F5B77 /* File.swift in Sources */,
				84A9F51C1DC32764000987BE /* CLLockView.m in Sources */,
				84DD44251D640E460045A375 /* ChooseIconViewController.m in Sources */,
				84A9F51E1DC32764000987BE /* CoreArchive.m in Sources */,
				845E62881D6313DD00224162 /* UIImage+Category.m in Sources */,
				84A9F5161DC32764000987BE /* CoreLockConst.m in Sources */,
			);
			runOnlyForDeploymentPostprocessing = 0;
		};
		84068DDF1D580F39003B6F5E /* Sources */ = {
			isa = PBXSourcesBuildPhase;
			buildActionMask = 2147483647;
			files = (
				84068DE81D580F39003B6F5E /* CostListTests.m in Sources */,
			);
			runOnlyForDeploymentPostprocessing = 0;
		};
		84068DEA1D580F39003B6F5E /* Sources */ = {
			isa = PBXSourcesBuildPhase;
			buildActionMask = 2147483647;
			files = (
				84068DF31D580F39003B6F5E /* CostListUITests.m in Sources */,
			);
			runOnlyForDeploymentPostprocessing = 0;
		};
/* End PBXSourcesBuildPhase section */

/* Begin PBXTargetDependency section */
		84068DE51D580F39003B6F5E /* PBXTargetDependency */ = {
			isa = PBXTargetDependency;
			target = 84068DC61D580F39003B6F5E /* CostList */;
			targetProxy = 84068DE41D580F39003B6F5E /* PBXContainerItemProxy */;
		};
		84068DF01D580F39003B6F5E /* PBXTargetDependency */ = {
			isa = PBXTargetDependency;
			target = 84068DC61D580F39003B6F5E /* CostList */;
			targetProxy = 84068DEF1D580F39003B6F5E /* PBXContainerItemProxy */;
		};
		843BE1D41D93C710004F5B77 /* PBXTargetDependency */ = {
			isa = PBXTargetDependency;
			name = Charts;
			targetProxy = 843BE1D31D93C710004F5B77 /* PBXContainerItemProxy */;
		};
/* End PBXTargetDependency section */

/* Begin PBXVariantGroup section */
		84068DD61D580F39003B6F5E /* Main.storyboard */ = {
			isa = PBXVariantGroup;
			children = (
				84068DD71D580F39003B6F5E /* Base */,
				84BF75141D80079600D4C97D /* zh-Hans-CN */,
			);
			name = Main.storyboard;
			sourceTree = "<group>";
		};
		84068DDB1D580F39003B6F5E /* LaunchScreen.storyboard */ = {
			isa = PBXVariantGroup;
			children = (
				84068DDC1D580F39003B6F5E /* Base */,
				84BF75151D80079600D4C97D /* zh-Hans-CN */,
			);
			name = LaunchScreen.storyboard;
			sourceTree = "<group>";
		};
		84BF751A1D80093800D4C97D /* Localizable.strings */ = {
			isa = PBXVariantGroup;
			children = (
				84BF75191D80093800D4C97D /* zh-Hans-CN */,
				84BF751B1D80099600D4C97D /* Base */,
			);
			name = Localizable.strings;
			sourceTree = "<group>";
		};
/* End PBXVariantGroup section */

/* Begin XCBuildConfiguration section */
		84068DF51D580F39003B6F5E /* Debug */ = {
			isa = XCBuildConfiguration;
			buildSettings = {
				ALWAYS_EMBED_SWIFT_STANDARD_LIBRARIES = "$(inherited)";
				ALWAYS_SEARCH_USER_PATHS = NO;
				CLANG_ANALYZER_LOCALIZABILITY_NONLOCALIZED = YES;
				CLANG_ANALYZER_NONNULL = YES;
				CLANG_CXX_LANGUAGE_STANDARD = "gnu++0x";
				CLANG_CXX_LIBRARY = "libc++";
				CLANG_ENABLE_MODULES = YES;
				CLANG_ENABLE_OBJC_ARC = YES;
				CLANG_WARN_BOOL_CONVERSION = YES;
				CLANG_WARN_CONSTANT_CONVERSION = YES;
				CLANG_WARN_DIRECT_OBJC_ISA_USAGE = YES_ERROR;
				CLANG_WARN_EMPTY_BODY = YES;
				CLANG_WARN_ENUM_CONVERSION = YES;
				CLANG_WARN_INFINITE_RECURSION = YES;
				CLANG_WARN_INT_CONVERSION = YES;
				CLANG_WARN_OBJC_ROOT_CLASS = YES_ERROR;
				CLANG_WARN_SUSPICIOUS_MOVE = YES;
				CLANG_WARN_UNREACHABLE_CODE = YES;
				CLANG_WARN__DUPLICATE_METHOD_MATCH = YES;
				"CODE_SIGN_IDENTITY[sdk=iphoneos*]" = "iPhone Developer";
				COPY_PHASE_STRIP = NO;
				DEBUG_INFORMATION_FORMAT = dwarf;
				DEFINES_MODULE = YES;
				ENABLE_STRICT_OBJC_MSGSEND = YES;
				ENABLE_TESTABILITY = YES;
				GCC_C_LANGUAGE_STANDARD = gnu99;
				GCC_DYNAMIC_NO_PIC = NO;
				GCC_NO_COMMON_BLOCKS = YES;
				GCC_OPTIMIZATION_LEVEL = 0;
				GCC_PREPROCESSOR_DEFINITIONS = (
					"DEBUG=1",
					"$(inherited)",
				);
				GCC_WARN_64_TO_32_BIT_CONVERSION = YES;
				GCC_WARN_ABOUT_RETURN_TYPE = YES_ERROR;
				GCC_WARN_UNDECLARED_SELECTOR = YES;
				GCC_WARN_UNINITIALIZED_AUTOS = YES_AGGRESSIVE;
				GCC_WARN_UNUSED_FUNCTION = YES;
				GCC_WARN_UNUSED_VARIABLE = YES;
				IPHONEOS_DEPLOYMENT_TARGET = 9.3;
				MTL_ENABLE_DEBUG_INFO = YES;
				ONLY_ACTIVE_ARCH = YES;
				SDKROOT = iphoneos;
			};
			name = Debug;
		};
		84068DF61D580F39003B6F5E /* Release */ = {
			isa = XCBuildConfiguration;
			buildSettings = {
				ALWAYS_EMBED_SWIFT_STANDARD_LIBRARIES = "$(inherited)";
				ALWAYS_SEARCH_USER_PATHS = NO;
				CLANG_ANALYZER_LOCALIZABILITY_NONLOCALIZED = YES;
				CLANG_ANALYZER_NONNULL = YES;
				CLANG_CXX_LANGUAGE_STANDARD = "gnu++0x";
				CLANG_CXX_LIBRARY = "libc++";
				CLANG_ENABLE_MODULES = YES;
				CLANG_ENABLE_OBJC_ARC = YES;
				CLANG_WARN_BOOL_CONVERSION = YES;
				CLANG_WARN_CONSTANT_CONVERSION = YES;
				CLANG_WARN_DIRECT_OBJC_ISA_USAGE = YES_ERROR;
				CLANG_WARN_EMPTY_BODY = YES;
				CLANG_WARN_ENUM_CONVERSION = YES;
				CLANG_WARN_INFINITE_RECURSION = YES;
				CLANG_WARN_INT_CONVERSION = YES;
				CLANG_WARN_OBJC_ROOT_CLASS = YES_ERROR;
				CLANG_WARN_SUSPICIOUS_MOVE = YES;
				CLANG_WARN_UNREACHABLE_CODE = YES;
				CLANG_WARN__DUPLICATE_METHOD_MATCH = YES;
				"CODE_SIGN_IDENTITY[sdk=iphoneos*]" = "iPhone Developer";
				COPY_PHASE_STRIP = NO;
				DEBUG_INFORMATION_FORMAT = "dwarf-with-dsym";
				DEFINES_MODULE = YES;
				ENABLE_NS_ASSERTIONS = NO;
				ENABLE_STRICT_OBJC_MSGSEND = YES;
				GCC_C_LANGUAGE_STANDARD = gnu99;
				GCC_NO_COMMON_BLOCKS = YES;
				GCC_WARN_64_TO_32_BIT_CONVERSION = YES;
				GCC_WARN_ABOUT_RETURN_TYPE = YES_ERROR;
				GCC_WARN_UNDECLARED_SELECTOR = YES;
				GCC_WARN_UNINITIALIZED_AUTOS = YES_AGGRESSIVE;
				GCC_WARN_UNUSED_FUNCTION = YES;
				GCC_WARN_UNUSED_VARIABLE = YES;
				IPHONEOS_DEPLOYMENT_TARGET = 9.3;
				MTL_ENABLE_DEBUG_INFO = NO;
				SDKROOT = iphoneos;
				SWIFT_OPTIMIZATION_LEVEL = "-Owholemodule";
				VALIDATE_PRODUCT = YES;
			};
			name = Release;
		};
		84068DF81D580F39003B6F5E /* Debug */ = {
			isa = XCBuildConfiguration;
			baseConfigurationReference = F49B0EDDAB5C967C9CB1FA25 /* Pods-CostList.debug.xcconfig */;
			buildSettings = {
				ALWAYS_EMBED_SWIFT_STANDARD_LIBRARIES = YES;
				ASSETCATALOG_COMPILER_APPICON_NAME = AppIcon;
				ASSETCATALOG_COMPILER_LAUNCHIMAGE_NAME = LaunchImage;
				CLANG_ENABLE_MODULES = YES;
				"CODE_SIGN_IDENTITY[sdk=iphoneos*]" = "iPhone Developer";
				DEFINES_MODULE = YES;
				DEVELOPMENT_TEAM = TTY47Y3GT3;
				FRAMEWORK_SEARCH_PATHS = (
					"$(inherited)",
					"$(PROJECT_DIR)/ShareSDK",
					"$(PROJECT_DIR)/ShareSDK/Support/Optional",
					"$(PROJECT_DIR)/ShareSDK/Support/PlatformConnector",
					"$(PROJECT_DIR)/ShareSDK/Support/Required",
				);
				GCC_PRECOMPILE_PREFIX_HEADER = YES;
				GCC_PREFIX_HEADER = CostList/PrefixHeader.pch;
				INFOPLIST_FILE = CostList/Info.plist;
				LD_RUNPATH_SEARCH_PATHS = "$(inherited) @executable_path/Frameworks";
				LIBRARY_SEARCH_PATHS = (
					"$(inherited)",
					"$(PROJECT_DIR)/ShareSDK/Support/PlatformSDK/WeChatSDK",
				);
				ONLY_ACTIVE_ARCH = YES;
				PRODUCT_BUNDLE_IDENTIFIER = com.XuDeHong.CostList;
				PRODUCT_NAME = "$(TARGET_NAME)";
				SWIFT_OBJC_BRIDGING_HEADER = "CostList/CostList-Bridging-Header.h";
				SWIFT_OPTIMIZATION_LEVEL = "-Onone";
				SWIFT_VERSION = 3.0;
			};
			name = Debug;
		};
		84068DF91D580F39003B6F5E /* Release */ = {
			isa = XCBuildConfiguration;
			baseConfigurationReference = 5C856ADB38BE846DD21F8F72 /* Pods-CostList.release.xcconfig */;
			buildSettings = {
				ALWAYS_EMBED_SWIFT_STANDARD_LIBRARIES = YES;
				ASSETCATALOG_COMPILER_APPICON_NAME = AppIcon;
				ASSETCATALOG_COMPILER_LAUNCHIMAGE_NAME = LaunchImage;
				CLANG_ENABLE_MODULES = YES;
				"CODE_SIGN_IDENTITY[sdk=iphoneos*]" = "iPhone Developer";
				DEFINES_MODULE = YES;
				DEVELOPMENT_TEAM = TTY47Y3GT3;
				FRAMEWORK_SEARCH_PATHS = (
					"$(inherited)",
					"$(PROJECT_DIR)/ShareSDK",
					"$(PROJECT_DIR)/ShareSDK/Support/Optional",
					"$(PROJECT_DIR)/ShareSDK/Support/PlatformConnector",
					"$(PROJECT_DIR)/ShareSDK/Support/Required",
				);
				GCC_PRECOMPILE_PREFIX_HEADER = YES;
				GCC_PREFIX_HEADER = CostList/PrefixHeader.pch;
				INFOPLIST_FILE = CostList/Info.plist;
				LD_RUNPATH_SEARCH_PATHS = "$(inherited) @executable_path/Frameworks";
				LIBRARY_SEARCH_PATHS = (
					"$(inherited)",
					"$(PROJECT_DIR)/ShareSDK/Support/PlatformSDK/WeChatSDK",
				);
				ONLY_ACTIVE_ARCH = NO;
				PRODUCT_BUNDLE_IDENTIFIER = com.XuDeHong.CostList;
				PRODUCT_NAME = "$(TARGET_NAME)";
				SWIFT_OBJC_BRIDGING_HEADER = "CostList/CostList-Bridging-Header.h";
				SWIFT_VERSION = 3.0;
			};
			name = Release;
		};
		84068DFB1D580F39003B6F5E /* Debug */ = {
			isa = XCBuildConfiguration;
			buildSettings = {
				ALWAYS_EMBED_SWIFT_STANDARD_LIBRARIES = YES;
				BUNDLE_LOADER = "$(TEST_HOST)";
				INFOPLIST_FILE = CostListTests/Info.plist;
				LD_RUNPATH_SEARCH_PATHS = "$(inherited) @executable_path/Frameworks @loader_path/Frameworks";
				PRODUCT_BUNDLE_IDENTIFIER = com.XuDeHong.CostListTests;
				PRODUCT_NAME = "$(TARGET_NAME)";
				TEST_HOST = "$(BUILT_PRODUCTS_DIR)/CostList.app/CostList";
			};
			name = Debug;
		};
		84068DFC1D580F39003B6F5E /* Release */ = {
			isa = XCBuildConfiguration;
			buildSettings = {
				ALWAYS_EMBED_SWIFT_STANDARD_LIBRARIES = YES;
				BUNDLE_LOADER = "$(TEST_HOST)";
				INFOPLIST_FILE = CostListTests/Info.plist;
				LD_RUNPATH_SEARCH_PATHS = "$(inherited) @executable_path/Frameworks @loader_path/Frameworks";
				PRODUCT_BUNDLE_IDENTIFIER = com.XuDeHong.CostListTests;
				PRODUCT_NAME = "$(TARGET_NAME)";
				TEST_HOST = "$(BUILT_PRODUCTS_DIR)/CostList.app/CostList";
			};
			name = Release;
		};
		84068DFE1D580F39003B6F5E /* Debug */ = {
			isa = XCBuildConfiguration;
			buildSettings = {
				ALWAYS_EMBED_SWIFT_STANDARD_LIBRARIES = YES;
				INFOPLIST_FILE = CostListUITests/Info.plist;
				LD_RUNPATH_SEARCH_PATHS = "$(inherited) @executable_path/Frameworks @loader_path/Frameworks";
				PRODUCT_BUNDLE_IDENTIFIER = com.XuDeHong.CostListUITests;
				PRODUCT_NAME = "$(TARGET_NAME)";
				TEST_TARGET_NAME = CostList;
			};
			name = Debug;
		};
		84068DFF1D580F39003B6F5E /* Release */ = {
			isa = XCBuildConfiguration;
			buildSettings = {
				ALWAYS_EMBED_SWIFT_STANDARD_LIBRARIES = YES;
				INFOPLIST_FILE = CostListUITests/Info.plist;
				LD_RUNPATH_SEARCH_PATHS = "$(inherited) @executable_path/Frameworks @loader_path/Frameworks";
				PRODUCT_BUNDLE_IDENTIFIER = com.XuDeHong.CostListUITests;
				PRODUCT_NAME = "$(TARGET_NAME)";
				TEST_TARGET_NAME = CostList;
			};
			name = Release;
		};
/* End XCBuildConfiguration section */

/* Begin XCConfigurationList section */
		84068DC21D580F39003B6F5E /* Build configuration list for PBXProject "CostList" */ = {
			isa = XCConfigurationList;
			buildConfigurations = (
				84068DF51D580F39003B6F5E /* Debug */,
				84068DF61D580F39003B6F5E /* Release */,
			);
			defaultConfigurationIsVisible = 0;
			defaultConfigurationName = Release;
		};
		84068DF71D580F39003B6F5E /* Build configuration list for PBXNativeTarget "CostList" */ = {
			isa = XCConfigurationList;
			buildConfigurations = (
				84068DF81D580F39003B6F5E /* Debug */,
				84068DF91D580F39003B6F5E /* Release */,
			);
			defaultConfigurationIsVisible = 0;
			defaultConfigurationName = Release;
		};
		84068DFA1D580F39003B6F5E /* Build configuration list for PBXNativeTarget "CostListTests" */ = {
			isa = XCConfigurationList;
			buildConfigurations = (
				84068DFB1D580F39003B6F5E /* Debug */,
				84068DFC1D580F39003B6F5E /* Release */,
			);
			defaultConfigurationIsVisible = 0;
			defaultConfigurationName = Release;
		};
		84068DFD1D580F39003B6F5E /* Build configuration list for PBXNativeTarget "CostListUITests" */ = {
			isa = XCConfigurationList;
			buildConfigurations = (
				84068DFE1D580F39003B6F5E /* Debug */,
				84068DFF1D580F39003B6F5E /* Release */,
			);
			defaultConfigurationIsVisible = 0;
			defaultConfigurationName = Release;
		};
/* End XCConfigurationList section */

/* Begin XCVersionGroup section */
		847616851D82A705001B456F /* DataModel.xcdatamodeld */ = {
			isa = XCVersionGroup;
			children = (
				847616861D82A705001B456F /* DataModel.xcdatamodel */,
			);
			currentVersion = 847616861D82A705001B456F /* DataModel.xcdatamodel */;
			path = DataModel.xcdatamodeld;
			sourceTree = "<group>";
			versionGroupType = wrapper.xcdatamodel;
		};
/* End XCVersionGroup section */
	};
	rootObject = 84068DBF1D580F39003B6F5E /* Project object */;
}
