<?xml version="1.0" encoding="UTF-8"?>
<!DOCTYPE plist PUBLIC "-//Apple//DTD PLIST 1.0//EN" "http://www.apple.com/DTDs/PropertyList-1.0.dtd">
<plist version="1.0">
<dict>
	<key>archiveVersion</key>
	<string>1</string>
	<key>classes</key>
	<dict/>
	<key>objectVersion</key>
	<string>46</string>
	<key>objects</key>
	<dict>
		<key>1F303C33CF2DB10816556399</key>
		<dict>
			<key>children</key>
			<array>
				<string>F30EC2DCAC117C66385B7AEF</string>
				<string>8B2B7D10C1730534FB6BFDF4</string>
			</array>
			<key>isa</key>
			<string>PBXGroup</string>
			<key>name</key>
			<string>Pods</string>
			<key>sourceTree</key>
			<string>&lt;group&gt;</string>
		</dict>
		<key>721F5C4A0BD21BA6C7ACCB9E</key>
		<dict>
			<key>children</key>
			<array>
				<string>84B878F01D64882400AA1896</string>
				<string>844CC22A1D61F11A00B2050B</string>
				<string>D34A4823120E7210FD7336B3</string>
			</array>
			<key>isa</key>
			<string>PBXGroup</string>
			<key>name</key>
			<string>Frameworks</string>
			<key>sourceTree</key>
			<string>&lt;group&gt;</string>
		</dict>
		<key>74556255F540F80B3222EC8F</key>
		<dict>
			<key>buildActionMask</key>
			<string>2147483647</string>
			<key>files</key>
			<array/>
			<key>inputPaths</key>
			<array/>
			<key>isa</key>
			<string>PBXShellScriptBuildPhase</string>
			<key>name</key>
			<string>[CP] Copy Pods Resources</string>
			<key>outputPaths</key>
			<array/>
			<key>runOnlyForDeploymentPostprocessing</key>
			<string>0</string>
			<key>shellPath</key>
			<string>/bin/sh</string>
			<key>shellScript</key>
			<string>"${SRCROOT}/Pods/Target Support Files/Pods-CostList/Pods-CostList-resources.sh"
</string>
			<key>showEnvVarsInLog</key>
			<string>0</string>
		</dict>
		<key>84068DBE1D580F39003B6F5E</key>
		<dict>
			<key>children</key>
			<array>
				<string>84068DC91D580F39003B6F5E</string>
				<string>84068DE61D580F39003B6F5E</string>
				<string>84068DF11D580F39003B6F5E</string>
				<string>84068DC81D580F39003B6F5E</string>
				<string>1F303C33CF2DB10816556399</string>
				<string>721F5C4A0BD21BA6C7ACCB9E</string>
			</array>
			<key>isa</key>
			<string>PBXGroup</string>
			<key>sourceTree</key>
			<string>&lt;group&gt;</string>
		</dict>
		<key>84068DBF1D580F39003B6F5E</key>
		<dict>
			<key>attributes</key>
			<dict>
				<key>LastUpgradeCheck</key>
				<string>0730</string>
				<key>ORGANIZATIONNAME</key>
				<string>XuDeHong</string>
				<key>TargetAttributes</key>
				<dict>
					<key>84068DC61D580F39003B6F5E</key>
					<dict>
						<key>CreatedOnToolsVersion</key>
						<string>7.3.1</string>
						<key>DevelopmentTeam</key>
						<string>TTY47Y3GT3</string>
					</dict>
					<key>84068DE21D580F39003B6F5E</key>
					<dict>
						<key>CreatedOnToolsVersion</key>
						<string>7.3.1</string>
						<key>DevelopmentTeam</key>
						<string>TTY47Y3GT3</string>
						<key>TestTargetID</key>
						<string>84068DC61D580F39003B6F5E</string>
					</dict>
					<key>84068DED1D580F39003B6F5E</key>
					<dict>
						<key>CreatedOnToolsVersion</key>
						<string>7.3.1</string>
						<key>DevelopmentTeam</key>
						<string>TTY47Y3GT3</string>
						<key>TestTargetID</key>
						<string>84068DC61D580F39003B6F5E</string>
					</dict>
				</dict>
			</dict>
			<key>buildConfigurationList</key>
			<string>84068DC21D580F39003B6F5E</string>
			<key>compatibilityVersion</key>
			<string>Xcode 3.2</string>
			<key>developmentRegion</key>
			<string>English</string>
			<key>hasScannedForEncodings</key>
			<string>0</string>
			<key>isa</key>
			<string>PBXProject</string>
			<key>knownRegions</key>
			<array>
				<string>en</string>
				<string>Base</string>
			</array>
			<key>mainGroup</key>
			<string>84068DBE1D580F39003B6F5E</string>
			<key>productRefGroup</key>
			<string>84068DC81D580F39003B6F5E</string>
			<key>projectDirPath</key>
			<string></string>
			<key>projectReferences</key>
			<array/>
			<key>projectRoot</key>
			<string></string>
			<key>targets</key>
			<array>
				<string>84068DC61D580F39003B6F5E</string>
				<string>84068DE21D580F39003B6F5E</string>
				<string>84068DED1D580F39003B6F5E</string>
			</array>
		</dict>
		<key>84068DC21D580F39003B6F5E</key>
		<dict>
			<key>buildConfigurations</key>
			<array>
				<string>84068DF51D580F39003B6F5E</string>
				<string>84068DF61D580F39003B6F5E</string>
			</array>
			<key>defaultConfigurationIsVisible</key>
			<string>0</string>
			<key>defaultConfigurationName</key>
			<string>Release</string>
			<key>isa</key>
			<string>XCConfigurationList</string>
		</dict>
		<key>84068DC31D580F39003B6F5E</key>
		<dict>
			<key>buildActionMask</key>
			<string>2147483647</string>
			<key>files</key>
			<array>
				<string>84CD5D391D66C296004898C7</string>
				<string>84CD5D311D6695F0004898C7</string>
				<string>845E62851D63062A00224162</string>
				<string>84DD441F1D63F2150045A375</string>
				<string>84068DCF1D580F39003B6F5E</string>
				<string>848785941D58D25100A2EBFB</string>
				<string>8487858C1D58C96800A2EBFB</string>
				<string>843084E01D5DA3F70091F0BC</string>
				<string>84068DCC1D580F39003B6F5E</string>
				<string>84B718051D69B6FE004ACD8F</string>
				<string>84068E051D58135D003B6F5E</string>
				<string>84B7CB1C1D58C56E0062A48D</string>
				<string>84068E021D58130E003B6F5E</string>
				<string>84B718021D69A247004ACD8F</string>
				<string>84DD44251D640E460045A375</string>
				<string>845E62881D6313DD00224162</string>
			</array>
			<key>isa</key>
			<string>PBXSourcesBuildPhase</string>
			<key>runOnlyForDeploymentPostprocessing</key>
			<string>0</string>
		</dict>
		<key>84068DC41D580F39003B6F5E</key>
		<dict>
			<key>buildActionMask</key>
			<string>2147483647</string>
			<key>files</key>
			<array>
				<string>84B878F11D64882400AA1896</string>
				<string>917F2AB0EAE47E48DC89AD02</string>
			</array>
			<key>isa</key>
			<string>PBXFrameworksBuildPhase</string>
			<key>runOnlyForDeploymentPostprocessing</key>
			<string>0</string>
		</dict>
		<key>84068DC51D580F39003B6F5E</key>
		<dict>
			<key>buildActionMask</key>
			<string>2147483647</string>
			<key>files</key>
			<array>
				<string>84CD5D321D6695F0004898C7</string>
				<string>84068DDD1D580F39003B6F5E</string>
				<string>84CD5D361D66B317004898C7</string>
				<string>84DD5ED31D6A906700CBCA99</string>
				<string>84068DDA1D580F39003B6F5E</string>
				<string>84068DD81D580F39003B6F5E</string>
				<string>843084D91D5D9B8E0091F0BC</string>
			</array>
			<key>isa</key>
			<string>PBXResourcesBuildPhase</string>
			<key>runOnlyForDeploymentPostprocessing</key>
			<string>0</string>
		</dict>
		<key>84068DC61D580F39003B6F5E</key>
		<dict>
			<key>buildConfigurationList</key>
			<string>84068DF71D580F39003B6F5E</string>
			<key>buildPhases</key>
			<array>
				<string>9202554401E42D2C17147E54</string>
				<string>84068DC31D580F39003B6F5E</string>
				<string>84068DC41D580F39003B6F5E</string>
				<string>84068DC51D580F39003B6F5E</string>
				<string>E99D78D33F35B4678D8C2B85</string>
				<string>74556255F540F80B3222EC8F</string>
				<string>FD52D531A47C91BE0A49CD2A</string>
			</array>
			<key>buildRules</key>
			<array/>
			<key>dependencies</key>
			<array/>
			<key>isa</key>
			<string>PBXNativeTarget</string>
			<key>name</key>
			<string>CostList</string>
			<key>productName</key>
			<string>CostList</string>
			<key>productReference</key>
			<string>84068DC71D580F39003B6F5E</string>
			<key>productType</key>
			<string>com.apple.product-type.application</string>
		</dict>
		<key>84068DC71D580F39003B6F5E</key>
		<dict>
			<key>explicitFileType</key>
			<string>wrapper.application</string>
			<key>includeInIndex</key>
			<string>0</string>
			<key>isa</key>
			<string>PBXFileReference</string>
			<key>path</key>
			<string>CostList.app</string>
			<key>sourceTree</key>
			<string>BUILT_PRODUCTS_DIR</string>
		</dict>
		<key>84068DC81D580F39003B6F5E</key>
		<dict>
			<key>children</key>
			<array>
				<string>84068DC71D580F39003B6F5E</string>
				<string>84068DE31D580F39003B6F5E</string>
				<string>84068DEE1D580F39003B6F5E</string>
			</array>
			<key>isa</key>
			<string>PBXGroup</string>
			<key>name</key>
			<string>Products</string>
			<key>sourceTree</key>
			<string>&lt;group&gt;</string>
		</dict>
		<key>84068DC91D580F39003B6F5E</key>
		<dict>
			<key>children</key>
			<array>
				<string>84068DCD1D580F39003B6F5E</string>
				<string>84068DCE1D580F39003B6F5E</string>
				<string>8464BC891D5DCB6F00774350</string>
				<string>848785891D58C7F100A2EBFB</string>
				<string>8487858D1D58C97100A2EBFB</string>
				<string>848785911D58D14900A2EBFB</string>
				<string>84068DD91D580F39003B6F5E</string>
				<string>84068DD61D580F39003B6F5E</string>
				<string>84068DCA1D580F39003B6F5E</string>
			</array>
			<key>isa</key>
			<string>PBXGroup</string>
			<key>path</key>
			<string>CostList</string>
			<key>sourceTree</key>
			<string>&lt;group&gt;</string>
		</dict>
		<key>84068DCA1D580F39003B6F5E</key>
		<dict>
			<key>children</key>
			<array>
				<string>84068DDB1D580F39003B6F5E</string>
				<string>84068DCB1D580F39003B6F5E</string>
				<string>84068DDE1D580F39003B6F5E</string>
			</array>
			<key>isa</key>
			<string>PBXGroup</string>
			<key>name</key>
			<string>Supporting Files</string>
			<key>sourceTree</key>
			<string>&lt;group&gt;</string>
		</dict>
		<key>84068DCB1D580F39003B6F5E</key>
		<dict>
			<key>isa</key>
			<string>PBXFileReference</string>
			<key>lastKnownFileType</key>
			<string>sourcecode.c.objc</string>
			<key>path</key>
			<string>main.m</string>
			<key>sourceTree</key>
			<string>&lt;group&gt;</string>
		</dict>
		<key>84068DCC1D580F39003B6F5E</key>
		<dict>
			<key>fileRef</key>
			<string>84068DCB1D580F39003B6F5E</string>
			<key>isa</key>
			<string>PBXBuildFile</string>
		</dict>
		<key>84068DCD1D580F39003B6F5E</key>
		<dict>
			<key>isa</key>
			<string>PBXFileReference</string>
			<key>lastKnownFileType</key>
			<string>sourcecode.c.h</string>
			<key>path</key>
			<string>AppDelegate.h</string>
			<key>sourceTree</key>
			<string>&lt;group&gt;</string>
		</dict>
		<key>84068DCE1D580F39003B6F5E</key>
		<dict>
			<key>isa</key>
			<string>PBXFileReference</string>
			<key>lastKnownFileType</key>
			<string>sourcecode.c.objc</string>
			<key>path</key>
			<string>AppDelegate.m</string>
			<key>sourceTree</key>
			<string>&lt;group&gt;</string>
		</dict>
		<key>84068DCF1D580F39003B6F5E</key>
		<dict>
			<key>fileRef</key>
			<string>84068DCE1D580F39003B6F5E</string>
			<key>isa</key>
			<string>PBXBuildFile</string>
		</dict>
		<key>84068DD61D580F39003B6F5E</key>
		<dict>
			<key>children</key>
			<array>
				<string>84068DD71D580F39003B6F5E</string>
			</array>
			<key>isa</key>
			<string>PBXVariantGroup</string>
			<key>name</key>
			<string>Main.storyboard</string>
			<key>sourceTree</key>
			<string>&lt;group&gt;</string>
		</dict>
		<key>84068DD71D580F39003B6F5E</key>
		<dict>
			<key>isa</key>
			<string>PBXFileReference</string>
			<key>lastKnownFileType</key>
			<string>file.storyboard</string>
			<key>name</key>
			<string>Base</string>
			<key>path</key>
			<string>Base.lproj/Main.storyboard</string>
			<key>sourceTree</key>
			<string>&lt;group&gt;</string>
		</dict>
		<key>84068DD81D580F39003B6F5E</key>
		<dict>
			<key>fileRef</key>
			<string>84068DD61D580F39003B6F5E</string>
			<key>isa</key>
			<string>PBXBuildFile</string>
		</dict>
		<key>84068DD91D580F39003B6F5E</key>
		<dict>
			<key>isa</key>
			<string>PBXFileReference</string>
			<key>lastKnownFileType</key>
			<string>folder.assetcatalog</string>
			<key>path</key>
			<string>Assets.xcassets</string>
			<key>sourceTree</key>
			<string>&lt;group&gt;</string>
		</dict>
		<key>84068DDA1D580F39003B6F5E</key>
		<dict>
			<key>fileRef</key>
			<string>84068DD91D580F39003B6F5E</string>
			<key>isa</key>
			<string>PBXBuildFile</string>
		</dict>
		<key>84068DDB1D580F39003B6F5E</key>
		<dict>
			<key>children</key>
			<array>
				<string>84068DDC1D580F39003B6F5E</string>
			</array>
			<key>isa</key>
			<string>PBXVariantGroup</string>
			<key>name</key>
			<string>LaunchScreen.storyboard</string>
			<key>sourceTree</key>
			<string>&lt;group&gt;</string>
		</dict>
		<key>84068DDC1D580F39003B6F5E</key>
		<dict>
			<key>isa</key>
			<string>PBXFileReference</string>
			<key>lastKnownFileType</key>
			<string>file.storyboard</string>
			<key>name</key>
			<string>Base</string>
			<key>path</key>
			<string>Base.lproj/LaunchScreen.storyboard</string>
			<key>sourceTree</key>
			<string>&lt;group&gt;</string>
		</dict>
		<key>84068DDD1D580F39003B6F5E</key>
		<dict>
			<key>fileRef</key>
			<string>84068DDB1D580F39003B6F5E</string>
			<key>isa</key>
			<string>PBXBuildFile</string>
		</dict>
		<key>84068DDE1D580F39003B6F5E</key>
		<dict>
			<key>isa</key>
			<string>PBXFileReference</string>
			<key>lastKnownFileType</key>
			<string>text.plist.xml</string>
			<key>path</key>
			<string>Info.plist</string>
			<key>sourceTree</key>
			<string>&lt;group&gt;</string>
		</dict>
		<key>84068DDF1D580F39003B6F5E</key>
		<dict>
			<key>buildActionMask</key>
			<string>2147483647</string>
			<key>files</key>
			<array>
				<string>84068DE81D580F39003B6F5E</string>
			</array>
			<key>isa</key>
			<string>PBXSourcesBuildPhase</string>
			<key>runOnlyForDeploymentPostprocessing</key>
			<string>0</string>
		</dict>
		<key>84068DE01D580F39003B6F5E</key>
		<dict>
			<key>buildActionMask</key>
			<string>2147483647</string>
			<key>files</key>
			<array/>
			<key>isa</key>
			<string>PBXFrameworksBuildPhase</string>
			<key>runOnlyForDeploymentPostprocessing</key>
			<string>0</string>
		</dict>
		<key>84068DE11D580F39003B6F5E</key>
		<dict>
			<key>buildActionMask</key>
			<string>2147483647</string>
			<key>files</key>
			<array/>
			<key>isa</key>
			<string>PBXResourcesBuildPhase</string>
			<key>runOnlyForDeploymentPostprocessing</key>
			<string>0</string>
		</dict>
		<key>84068DE21D580F39003B6F5E</key>
		<dict>
			<key>buildConfigurationList</key>
			<string>84068DFA1D580F39003B6F5E</string>
			<key>buildPhases</key>
			<array>
				<string>84068DDF1D580F39003B6F5E</string>
				<string>84068DE01D580F39003B6F5E</string>
				<string>84068DE11D580F39003B6F5E</string>
			</array>
			<key>buildRules</key>
			<array/>
			<key>dependencies</key>
			<array>
				<string>84068DE51D580F39003B6F5E</string>
			</array>
			<key>isa</key>
			<string>PBXNativeTarget</string>
			<key>name</key>
			<string>CostListTests</string>
			<key>productName</key>
			<string>CostListTests</string>
			<key>productReference</key>
			<string>84068DE31D580F39003B6F5E</string>
			<key>productType</key>
			<string>com.apple.product-type.bundle.unit-test</string>
		</dict>
		<key>84068DE31D580F39003B6F5E</key>
		<dict>
			<key>explicitFileType</key>
			<string>wrapper.cfbundle</string>
			<key>includeInIndex</key>
			<string>0</string>
			<key>isa</key>
			<string>PBXFileReference</string>
			<key>path</key>
			<string>CostListTests.xctest</string>
			<key>sourceTree</key>
			<string>BUILT_PRODUCTS_DIR</string>
		</dict>
		<key>84068DE41D580F39003B6F5E</key>
		<dict>
			<key>containerPortal</key>
			<string>84068DBF1D580F39003B6F5E</string>
			<key>isa</key>
			<string>PBXContainerItemProxy</string>
			<key>proxyType</key>
			<string>1</string>
			<key>remoteGlobalIDString</key>
			<string>84068DC61D580F39003B6F5E</string>
			<key>remoteInfo</key>
			<string>CostList</string>
		</dict>
		<key>84068DE51D580F39003B6F5E</key>
		<dict>
			<key>isa</key>
			<string>PBXTargetDependency</string>
			<key>target</key>
			<string>84068DC61D580F39003B6F5E</string>
			<key>targetProxy</key>
			<string>84068DE41D580F39003B6F5E</string>
		</dict>
		<key>84068DE61D580F39003B6F5E</key>
		<dict>
			<key>children</key>
			<array>
				<string>84068DE71D580F39003B6F5E</string>
				<string>84068DE91D580F39003B6F5E</string>
			</array>
			<key>isa</key>
			<string>PBXGroup</string>
			<key>path</key>
			<string>CostListTests</string>
			<key>sourceTree</key>
			<string>&lt;group&gt;</string>
		</dict>
		<key>84068DE71D580F39003B6F5E</key>
		<dict>
			<key>isa</key>
			<string>PBXFileReference</string>
			<key>lastKnownFileType</key>
			<string>sourcecode.c.objc</string>
			<key>path</key>
			<string>CostListTests.m</string>
			<key>sourceTree</key>
			<string>&lt;group&gt;</string>
		</dict>
		<key>84068DE81D580F39003B6F5E</key>
		<dict>
			<key>fileRef</key>
			<string>84068DE71D580F39003B6F5E</string>
			<key>isa</key>
			<string>PBXBuildFile</string>
		</dict>
		<key>84068DE91D580F39003B6F5E</key>
		<dict>
			<key>isa</key>
			<string>PBXFileReference</string>
			<key>lastKnownFileType</key>
			<string>text.plist.xml</string>
			<key>path</key>
			<string>Info.plist</string>
			<key>sourceTree</key>
			<string>&lt;group&gt;</string>
		</dict>
		<key>84068DEA1D580F39003B6F5E</key>
		<dict>
			<key>buildActionMask</key>
			<string>2147483647</string>
			<key>files</key>
			<array>
				<string>84068DF31D580F39003B6F5E</string>
			</array>
			<key>isa</key>
			<string>PBXSourcesBuildPhase</string>
			<key>runOnlyForDeploymentPostprocessing</key>
			<string>0</string>
		</dict>
		<key>84068DEB1D580F39003B6F5E</key>
		<dict>
			<key>buildActionMask</key>
			<string>2147483647</string>
			<key>files</key>
			<array/>
			<key>isa</key>
			<string>PBXFrameworksBuildPhase</string>
			<key>runOnlyForDeploymentPostprocessing</key>
			<string>0</string>
		</dict>
		<key>84068DEC1D580F39003B6F5E</key>
		<dict>
			<key>buildActionMask</key>
			<string>2147483647</string>
			<key>files</key>
			<array/>
			<key>isa</key>
			<string>PBXResourcesBuildPhase</string>
			<key>runOnlyForDeploymentPostprocessing</key>
			<string>0</string>
		</dict>
		<key>84068DED1D580F39003B6F5E</key>
		<dict>
			<key>buildConfigurationList</key>
			<string>84068DFD1D580F39003B6F5E</string>
			<key>buildPhases</key>
			<array>
				<string>84068DEA1D580F39003B6F5E</string>
				<string>84068DEB1D580F39003B6F5E</string>
				<string>84068DEC1D580F39003B6F5E</string>
			</array>
			<key>buildRules</key>
			<array/>
			<key>dependencies</key>
			<array>
				<string>84068DF01D580F39003B6F5E</string>
			</array>
			<key>isa</key>
			<string>PBXNativeTarget</string>
			<key>name</key>
			<string>CostListUITests</string>
			<key>productName</key>
			<string>CostListUITests</string>
			<key>productReference</key>
			<string>84068DEE1D580F39003B6F5E</string>
			<key>productType</key>
			<string>com.apple.product-type.bundle.ui-testing</string>
		</dict>
		<key>84068DEE1D580F39003B6F5E</key>
		<dict>
			<key>explicitFileType</key>
			<string>wrapper.cfbundle</string>
			<key>includeInIndex</key>
			<string>0</string>
			<key>isa</key>
			<string>PBXFileReference</string>
			<key>path</key>
			<string>CostListUITests.xctest</string>
			<key>sourceTree</key>
			<string>BUILT_PRODUCTS_DIR</string>
		</dict>
		<key>84068DEF1D580F39003B6F5E</key>
		<dict>
			<key>containerPortal</key>
			<string>84068DBF1D580F39003B6F5E</string>
			<key>isa</key>
			<string>PBXContainerItemProxy</string>
			<key>proxyType</key>
			<string>1</string>
			<key>remoteGlobalIDString</key>
			<string>84068DC61D580F39003B6F5E</string>
			<key>remoteInfo</key>
			<string>CostList</string>
		</dict>
		<key>84068DF01D580F39003B6F5E</key>
		<dict>
			<key>isa</key>
			<string>PBXTargetDependency</string>
			<key>target</key>
			<string>84068DC61D580F39003B6F5E</string>
			<key>targetProxy</key>
			<string>84068DEF1D580F39003B6F5E</string>
		</dict>
		<key>84068DF11D580F39003B6F5E</key>
		<dict>
			<key>children</key>
			<array>
				<string>84068DF21D580F39003B6F5E</string>
				<string>84068DF41D580F39003B6F5E</string>
			</array>
			<key>isa</key>
			<string>PBXGroup</string>
			<key>path</key>
			<string>CostListUITests</string>
			<key>sourceTree</key>
			<string>&lt;group&gt;</string>
		</dict>
		<key>84068DF21D580F39003B6F5E</key>
		<dict>
			<key>isa</key>
			<string>PBXFileReference</string>
			<key>lastKnownFileType</key>
			<string>sourcecode.c.objc</string>
			<key>path</key>
			<string>CostListUITests.m</string>
			<key>sourceTree</key>
			<string>&lt;group&gt;</string>
		</dict>
		<key>84068DF31D580F39003B6F5E</key>
		<dict>
			<key>fileRef</key>
			<string>84068DF21D580F39003B6F5E</string>
			<key>isa</key>
			<string>PBXBuildFile</string>
		</dict>
		<key>84068DF41D580F39003B6F5E</key>
		<dict>
			<key>isa</key>
			<string>PBXFileReference</string>
			<key>lastKnownFileType</key>
			<string>text.plist.xml</string>
			<key>path</key>
			<string>Info.plist</string>
			<key>sourceTree</key>
			<string>&lt;group&gt;</string>
		</dict>
		<key>84068DF51D580F39003B6F5E</key>
		<dict>
			<key>buildSettings</key>
			<dict>
				<key>ALWAYS_SEARCH_USER_PATHS</key>
				<string>NO</string>
				<key>CLANG_ANALYZER_NONNULL</key>
				<string>YES</string>
				<key>CLANG_CXX_LANGUAGE_STANDARD</key>
				<string>gnu++0x</string>
				<key>CLANG_CXX_LIBRARY</key>
				<string>libc++</string>
				<key>CLANG_ENABLE_MODULES</key>
				<string>YES</string>
				<key>CLANG_ENABLE_OBJC_ARC</key>
				<string>YES</string>
				<key>CLANG_WARN_BOOL_CONVERSION</key>
				<string>YES</string>
				<key>CLANG_WARN_CONSTANT_CONVERSION</key>
				<string>YES</string>
				<key>CLANG_WARN_DIRECT_OBJC_ISA_USAGE</key>
				<string>YES_ERROR</string>
				<key>CLANG_WARN_EMPTY_BODY</key>
				<string>YES</string>
				<key>CLANG_WARN_ENUM_CONVERSION</key>
				<string>YES</string>
				<key>CLANG_WARN_INT_CONVERSION</key>
				<string>YES</string>
				<key>CLANG_WARN_OBJC_ROOT_CLASS</key>
				<string>YES_ERROR</string>
				<key>CLANG_WARN_UNREACHABLE_CODE</key>
				<string>YES</string>
				<key>CLANG_WARN__DUPLICATE_METHOD_MATCH</key>
				<string>YES</string>
				<key>CODE_SIGN_IDENTITY[sdk=iphoneos*]</key>
				<string>iPhone Developer</string>
				<key>COPY_PHASE_STRIP</key>
				<string>NO</string>
				<key>DEBUG_INFORMATION_FORMAT</key>
				<string>dwarf</string>
				<key>ENABLE_STRICT_OBJC_MSGSEND</key>
				<string>YES</string>
				<key>ENABLE_TESTABILITY</key>
				<string>YES</string>
				<key>GCC_C_LANGUAGE_STANDARD</key>
				<string>gnu99</string>
				<key>GCC_DYNAMIC_NO_PIC</key>
				<string>NO</string>
				<key>GCC_NO_COMMON_BLOCKS</key>
				<string>YES</string>
				<key>GCC_OPTIMIZATION_LEVEL</key>
				<string>0</string>
				<key>GCC_PREPROCESSOR_DEFINITIONS</key>
				<array>
					<string>DEBUG=1</string>
					<string>$(inherited)</string>
				</array>
				<key>GCC_WARN_64_TO_32_BIT_CONVERSION</key>
				<string>YES</string>
				<key>GCC_WARN_ABOUT_RETURN_TYPE</key>
				<string>YES_ERROR</string>
				<key>GCC_WARN_UNDECLARED_SELECTOR</key>
				<string>YES</string>
				<key>GCC_WARN_UNINITIALIZED_AUTOS</key>
				<string>YES_AGGRESSIVE</string>
				<key>GCC_WARN_UNUSED_FUNCTION</key>
				<string>YES</string>
				<key>GCC_WARN_UNUSED_VARIABLE</key>
				<string>YES</string>
				<key>IPHONEOS_DEPLOYMENT_TARGET</key>
				<string>9.3</string>
				<key>MTL_ENABLE_DEBUG_INFO</key>
				<string>YES</string>
				<key>ONLY_ACTIVE_ARCH</key>
				<string>YES</string>
				<key>SDKROOT</key>
				<string>iphoneos</string>
			</dict>
			<key>isa</key>
			<string>XCBuildConfiguration</string>
			<key>name</key>
			<string>Debug</string>
		</dict>
		<key>84068DF61D580F39003B6F5E</key>
		<dict>
			<key>buildSettings</key>
			<dict>
				<key>ALWAYS_SEARCH_USER_PATHS</key>
				<string>NO</string>
				<key>CLANG_ANALYZER_NONNULL</key>
				<string>YES</string>
				<key>CLANG_CXX_LANGUAGE_STANDARD</key>
				<string>gnu++0x</string>
				<key>CLANG_CXX_LIBRARY</key>
				<string>libc++</string>
				<key>CLANG_ENABLE_MODULES</key>
				<string>YES</string>
				<key>CLANG_ENABLE_OBJC_ARC</key>
				<string>YES</string>
				<key>CLANG_WARN_BOOL_CONVERSION</key>
				<string>YES</string>
				<key>CLANG_WARN_CONSTANT_CONVERSION</key>
				<string>YES</string>
				<key>CLANG_WARN_DIRECT_OBJC_ISA_USAGE</key>
				<string>YES_ERROR</string>
				<key>CLANG_WARN_EMPTY_BODY</key>
				<string>YES</string>
				<key>CLANG_WARN_ENUM_CONVERSION</key>
				<string>YES</string>
				<key>CLANG_WARN_INT_CONVERSION</key>
				<string>YES</string>
				<key>CLANG_WARN_OBJC_ROOT_CLASS</key>
				<string>YES_ERROR</string>
				<key>CLANG_WARN_UNREACHABLE_CODE</key>
				<string>YES</string>
				<key>CLANG_WARN__DUPLICATE_METHOD_MATCH</key>
				<string>YES</string>
				<key>CODE_SIGN_IDENTITY[sdk=iphoneos*]</key>
				<string>iPhone Developer</string>
				<key>COPY_PHASE_STRIP</key>
				<string>NO</string>
				<key>DEBUG_INFORMATION_FORMAT</key>
				<string>dwarf-with-dsym</string>
				<key>ENABLE_NS_ASSERTIONS</key>
				<string>NO</string>
				<key>ENABLE_STRICT_OBJC_MSGSEND</key>
				<string>YES</string>
				<key>GCC_C_LANGUAGE_STANDARD</key>
				<string>gnu99</string>
				<key>GCC_NO_COMMON_BLOCKS</key>
				<string>YES</string>
				<key>GCC_WARN_64_TO_32_BIT_CONVERSION</key>
				<string>YES</string>
				<key>GCC_WARN_ABOUT_RETURN_TYPE</key>
				<string>YES_ERROR</string>
				<key>GCC_WARN_UNDECLARED_SELECTOR</key>
				<string>YES</string>
				<key>GCC_WARN_UNINITIALIZED_AUTOS</key>
				<string>YES_AGGRESSIVE</string>
				<key>GCC_WARN_UNUSED_FUNCTION</key>
				<string>YES</string>
				<key>GCC_WARN_UNUSED_VARIABLE</key>
				<string>YES</string>
				<key>IPHONEOS_DEPLOYMENT_TARGET</key>
				<string>9.3</string>
				<key>MTL_ENABLE_DEBUG_INFO</key>
				<string>NO</string>
				<key>SDKROOT</key>
				<string>iphoneos</string>
				<key>VALIDATE_PRODUCT</key>
				<string>YES</string>
			</dict>
			<key>isa</key>
			<string>XCBuildConfiguration</string>
			<key>name</key>
			<string>Release</string>
		</dict>
		<key>84068DF71D580F39003B6F5E</key>
		<dict>
			<key>buildConfigurations</key>
			<array>
				<string>84068DF81D580F39003B6F5E</string>
				<string>84068DF91D580F39003B6F5E</string>
			</array>
			<key>defaultConfigurationIsVisible</key>
			<string>0</string>
			<key>defaultConfigurationName</key>
			<string>Release</string>
			<key>isa</key>
			<string>XCConfigurationList</string>
		</dict>
		<key>84068DF81D580F39003B6F5E</key>
		<dict>
			<key>baseConfigurationReference</key>
			<string>F30EC2DCAC117C66385B7AEF</string>
			<key>buildSettings</key>
			<dict>
				<key>ASSETCATALOG_COMPILER_APPICON_NAME</key>
				<string>AppIcon</string>
				<key>GCC_PRECOMPILE_PREFIX_HEADER</key>
				<string>YES</string>
				<key>GCC_PREFIX_HEADER</key>
				<string>CostList/PrefixHeader.pch</string>
				<key>INFOPLIST_FILE</key>
				<string>CostList/Info.plist</string>
				<key>LD_RUNPATH_SEARCH_PATHS</key>
				<string>$(inherited) @executable_path/Frameworks</string>
				<key>PRODUCT_BUNDLE_IDENTIFIER</key>
				<string>com.XuDeHong.CostList</string>
				<key>PRODUCT_NAME</key>
				<string>$(TARGET_NAME)</string>
			</dict>
			<key>isa</key>
			<string>XCBuildConfiguration</string>
			<key>name</key>
			<string>Debug</string>
		</dict>
		<key>84068DF91D580F39003B6F5E</key>
		<dict>
			<key>baseConfigurationReference</key>
			<string>8B2B7D10C1730534FB6BFDF4</string>
			<key>buildSettings</key>
			<dict>
				<key>ASSETCATALOG_COMPILER_APPICON_NAME</key>
				<string>AppIcon</string>
				<key>GCC_PRECOMPILE_PREFIX_HEADER</key>
				<string>YES</string>
				<key>GCC_PREFIX_HEADER</key>
				<string>CostList/PrefixHeader.pch</string>
				<key>INFOPLIST_FILE</key>
				<string>CostList/Info.plist</string>
				<key>LD_RUNPATH_SEARCH_PATHS</key>
				<string>$(inherited) @executable_path/Frameworks</string>
				<key>PRODUCT_BUNDLE_IDENTIFIER</key>
				<string>com.XuDeHong.CostList</string>
				<key>PRODUCT_NAME</key>
				<string>$(TARGET_NAME)</string>
			</dict>
			<key>isa</key>
			<string>XCBuildConfiguration</string>
			<key>name</key>
			<string>Release</string>
		</dict>
		<key>84068DFA1D580F39003B6F5E</key>
		<dict>
			<key>buildConfigurations</key>
			<array>
				<string>84068DFB1D580F39003B6F5E</string>
				<string>84068DFC1D580F39003B6F5E</string>
			</array>
			<key>defaultConfigurationIsVisible</key>
			<string>0</string>
			<key>defaultConfigurationName</key>
			<string>Release</string>
			<key>isa</key>
			<string>XCConfigurationList</string>
		</dict>
		<key>84068DFB1D580F39003B6F5E</key>
		<dict>
			<key>buildSettings</key>
			<dict>
				<key>BUNDLE_LOADER</key>
				<string>$(TEST_HOST)</string>
				<key>INFOPLIST_FILE</key>
				<string>CostListTests/Info.plist</string>
				<key>LD_RUNPATH_SEARCH_PATHS</key>
				<string>$(inherited) @executable_path/Frameworks @loader_path/Frameworks</string>
				<key>PRODUCT_BUNDLE_IDENTIFIER</key>
				<string>com.XuDeHong.CostListTests</string>
				<key>PRODUCT_NAME</key>
				<string>$(TARGET_NAME)</string>
				<key>TEST_HOST</key>
				<string>$(BUILT_PRODUCTS_DIR)/CostList.app/CostList</string>
			</dict>
			<key>isa</key>
			<string>XCBuildConfiguration</string>
			<key>name</key>
			<string>Debug</string>
		</dict>
		<key>84068DFC1D580F39003B6F5E</key>
		<dict>
			<key>buildSettings</key>
			<dict>
				<key>BUNDLE_LOADER</key>
				<string>$(TEST_HOST)</string>
				<key>INFOPLIST_FILE</key>
				<string>CostListTests/Info.plist</string>
				<key>LD_RUNPATH_SEARCH_PATHS</key>
				<string>$(inherited) @executable_path/Frameworks @loader_path/Frameworks</string>
				<key>PRODUCT_BUNDLE_IDENTIFIER</key>
				<string>com.XuDeHong.CostListTests</string>
				<key>PRODUCT_NAME</key>
				<string>$(TARGET_NAME)</string>
				<key>TEST_HOST</key>
				<string>$(BUILT_PRODUCTS_DIR)/CostList.app/CostList</string>
			</dict>
			<key>isa</key>
			<string>XCBuildConfiguration</string>
			<key>name</key>
			<string>Release</string>
		</dict>
		<key>84068DFD1D580F39003B6F5E</key>
		<dict>
			<key>buildConfigurations</key>
			<array>
				<string>84068DFE1D580F39003B6F5E</string>
				<string>84068DFF1D580F39003B6F5E</string>
			</array>
			<key>defaultConfigurationIsVisible</key>
			<string>0</string>
			<key>defaultConfigurationName</key>
			<string>Release</string>
			<key>isa</key>
			<string>XCConfigurationList</string>
		</dict>
		<key>84068DFE1D580F39003B6F5E</key>
		<dict>
			<key>buildSettings</key>
			<dict>
				<key>INFOPLIST_FILE</key>
				<string>CostListUITests/Info.plist</string>
				<key>LD_RUNPATH_SEARCH_PATHS</key>
				<string>$(inherited) @executable_path/Frameworks @loader_path/Frameworks</string>
				<key>PRODUCT_BUNDLE_IDENTIFIER</key>
				<string>com.XuDeHong.CostListUITests</string>
				<key>PRODUCT_NAME</key>
				<string>$(TARGET_NAME)</string>
				<key>TEST_TARGET_NAME</key>
				<string>CostList</string>
			</dict>
			<key>isa</key>
			<string>XCBuildConfiguration</string>
			<key>name</key>
			<string>Debug</string>
		</dict>
		<key>84068DFF1D580F39003B6F5E</key>
		<dict>
			<key>buildSettings</key>
			<dict>
				<key>INFOPLIST_FILE</key>
				<string>CostListUITests/Info.plist</string>
				<key>LD_RUNPATH_SEARCH_PATHS</key>
				<string>$(inherited) @executable_path/Frameworks @loader_path/Frameworks</string>
				<key>PRODUCT_BUNDLE_IDENTIFIER</key>
				<string>com.XuDeHong.CostListUITests</string>
				<key>PRODUCT_NAME</key>
				<string>$(TARGET_NAME)</string>
				<key>TEST_TARGET_NAME</key>
				<string>CostList</string>
			</dict>
			<key>isa</key>
			<string>XCBuildConfiguration</string>
			<key>name</key>
			<string>Release</string>
		</dict>
		<key>84068E001D58130E003B6F5E</key>
		<dict>
			<key>fileEncoding</key>
			<string>4</string>
			<key>isa</key>
			<string>PBXFileReference</string>
			<key>lastKnownFileType</key>
			<string>sourcecode.c.h</string>
			<key>path</key>
			<string>ListTableViewController.h</string>
			<key>sourceTree</key>
			<string>&lt;group&gt;</string>
		</dict>
		<key>84068E011D58130E003B6F5E</key>
		<dict>
			<key>fileEncoding</key>
			<string>4</string>
			<key>isa</key>
			<string>PBXFileReference</string>
			<key>lastKnownFileType</key>
			<string>sourcecode.c.objc</string>
			<key>path</key>
			<string>ListTableViewController.m</string>
			<key>sourceTree</key>
			<string>&lt;group&gt;</string>
		</dict>
		<key>84068E021D58130E003B6F5E</key>
		<dict>
			<key>fileRef</key>
			<string>84068E011D58130E003B6F5E</string>
			<key>isa</key>
			<string>PBXBuildFile</string>
		</dict>
		<key>84068E031D58135D003B6F5E</key>
		<dict>
			<key>fileEncoding</key>
			<string>4</string>
			<key>isa</key>
			<string>PBXFileReference</string>
			<key>lastKnownFileType</key>
			<string>sourcecode.c.h</string>
			<key>path</key>
			<string>ChartTableViewController.h</string>
			<key>sourceTree</key>
			<string>&lt;group&gt;</string>
		</dict>
		<key>84068E041D58135D003B6F5E</key>
		<dict>
			<key>fileEncoding</key>
			<string>4</string>
			<key>isa</key>
			<string>PBXFileReference</string>
			<key>lastKnownFileType</key>
			<string>sourcecode.c.objc</string>
			<key>path</key>
			<string>ChartTableViewController.m</string>
			<key>sourceTree</key>
			<string>&lt;group&gt;</string>
		</dict>
		<key>84068E051D58135D003B6F5E</key>
		<dict>
			<key>fileRef</key>
			<string>84068E041D58135D003B6F5E</string>
			<key>isa</key>
			<string>PBXBuildFile</string>
		</dict>
		<key>843084D81D5D9B8E0091F0BC</key>
		<dict>
			<key>fileEncoding</key>
			<string>4</string>
			<key>isa</key>
			<string>PBXFileReference</string>
			<key>lastKnownFileType</key>
			<string>file.xib</string>
			<key>path</key>
			<string>MonthPickerViewController.xib</string>
			<key>sourceTree</key>
			<string>&lt;group&gt;</string>
		</dict>
		<key>843084D91D5D9B8E0091F0BC</key>
		<dict>
			<key>fileRef</key>
			<string>843084D81D5D9B8E0091F0BC</string>
			<key>isa</key>
			<string>PBXBuildFile</string>
		</dict>
		<key>843084DD1D5DA3F70091F0BC</key>
		<dict>
			<key>fileEncoding</key>
			<string>4</string>
			<key>isa</key>
			<string>PBXFileReference</string>
			<key>lastKnownFileType</key>
			<string>sourcecode.c.h</string>
			<key>path</key>
			<string>MonthPickerViewController.h</string>
			<key>sourceTree</key>
			<string>&lt;group&gt;</string>
		</dict>
		<key>843084DE1D5DA3F70091F0BC</key>
		<dict>
			<key>fileEncoding</key>
			<string>4</string>
			<key>isa</key>
			<string>PBXFileReference</string>
			<key>lastKnownFileType</key>
			<string>sourcecode.c.objc</string>
			<key>path</key>
			<string>MonthPickerViewController.m</string>
			<key>sourceTree</key>
			<string>&lt;group&gt;</string>
		</dict>
		<key>843084E01D5DA3F70091F0BC</key>
		<dict>
			<key>fileRef</key>
			<string>843084DE1D5DA3F70091F0BC</string>
			<key>isa</key>
			<string>PBXBuildFile</string>
		</dict>
		<key>844CC22A1D61F11A00B2050B</key>
		<dict>
			<key>isa</key>
			<string>PBXFileReference</string>
			<key>lastKnownFileType</key>
			<string>wrapper.framework</string>
			<key>name</key>
			<string>Accelerate.framework</string>
			<key>path</key>
			<string>System/Library/Frameworks/Accelerate.framework</string>
			<key>sourceTree</key>
			<string>SDKROOT</string>
		</dict>
		<key>845E62831D63062A00224162</key>
		<dict>
			<key>fileEncoding</key>
			<string>4</string>
			<key>isa</key>
			<string>PBXFileReference</string>
			<key>lastKnownFileType</key>
			<string>sourcecode.c.h</string>
			<key>path</key>
			<string>SlideMenuViewController.h</string>
			<key>sourceTree</key>
			<string>&lt;group&gt;</string>
		</dict>
		<key>845E62841D63062A00224162</key>
		<dict>
			<key>fileEncoding</key>
			<string>4</string>
			<key>isa</key>
			<string>PBXFileReference</string>
			<key>lastKnownFileType</key>
			<string>sourcecode.c.objc</string>
			<key>path</key>
			<string>SlideMenuViewController.m</string>
			<key>sourceTree</key>
			<string>&lt;group&gt;</string>
		</dict>
		<key>845E62851D63062A00224162</key>
		<dict>
			<key>fileRef</key>
			<string>845E62841D63062A00224162</string>
			<key>isa</key>
			<string>PBXBuildFile</string>
		</dict>
		<key>845E62861D6313DD00224162</key>
		<dict>
			<key>fileEncoding</key>
			<string>4</string>
			<key>isa</key>
			<string>PBXFileReference</string>
			<key>lastKnownFileType</key>
			<string>sourcecode.c.h</string>
			<key>path</key>
			<string>UIImage+Category.h</string>
			<key>sourceTree</key>
			<string>&lt;group&gt;</string>
		</dict>
		<key>845E62871D6313DD00224162</key>
		<dict>
			<key>fileEncoding</key>
			<string>4</string>
			<key>isa</key>
			<string>PBXFileReference</string>
			<key>lastKnownFileType</key>
			<string>sourcecode.c.objc</string>
			<key>path</key>
			<string>UIImage+Category.m</string>
			<key>sourceTree</key>
			<string>&lt;group&gt;</string>
		</dict>
		<key>845E62881D6313DD00224162</key>
		<dict>
			<key>fileRef</key>
			<string>845E62871D6313DD00224162</string>
			<key>isa</key>
			<string>PBXBuildFile</string>
		</dict>
		<key>8464BC871D5DCB4C00774350</key>
		<dict>
			<key>isa</key>
			<string>PBXFileReference</string>
			<key>lastKnownFileType</key>
			<string>sourcecode.c.h</string>
			<key>path</key>
			<string>PrefixHeader.pch</string>
			<key>sourceTree</key>
			<string>&lt;group&gt;</string>
		</dict>
		<key>8464BC891D5DCB6F00774350</key>
		<dict>
			<key>children</key>
			<array>
				<string>8464BC871D5DCB4C00774350</string>
			</array>
			<key>isa</key>
			<string>PBXGroup</string>
			<key>name</key>
			<string>Tool</string>
			<key>sourceTree</key>
			<string>&lt;group&gt;</string>
		</dict>
		<key>848785891D58C7F100A2EBFB</key>
		<dict>
			<key>children</key>
			<array>
				<string>845E62831D63062A00224162</string>
				<string>845E62841D63062A00224162</string>
				<string>84B7CB1A1D58C56E0062A48D</string>
				<string>84B7CB1B1D58C56E0062A48D</string>
				<string>84068E001D58130E003B6F5E</string>
				<string>84068E011D58130E003B6F5E</string>
				<string>84068E031D58135D003B6F5E</string>
				<string>84068E041D58135D003B6F5E</string>
				<string>843084DD1D5DA3F70091F0BC</string>
				<string>843084DE1D5DA3F70091F0BC</string>
				<string>843084D81D5D9B8E0091F0BC</string>
				<string>84DD441D1D63F2150045A375</string>
				<string>84DD441E1D63F2150045A375</string>
				<string>84CD5D351D66B317004898C7</string>
				<string>84CD5D2E1D6695F0004898C7</string>
				<string>84CD5D2F1D6695F0004898C7</string>
				<string>84CD5D301D6695F0004898C7</string>
				<string>84DD44231D640E460045A375</string>
				<string>84DD44241D640E460045A375</string>
				<string>84B718031D69B6FE004ACD8F</string>
				<string>84B718041D69B6FE004ACD8F</string>
				<string>84DD5ED21D6A906700CBCA99</string>
			</array>
			<key>isa</key>
			<string>PBXGroup</string>
			<key>name</key>
			<string>Controller</string>
			<key>sourceTree</key>
			<string>&lt;group&gt;</string>
		</dict>
		<key>8487858A1D58C96800A2EBFB</key>
		<dict>
			<key>fileEncoding</key>
			<string>4</string>
			<key>isa</key>
			<string>PBXFileReference</string>
			<key>lastKnownFileType</key>
			<string>sourcecode.c.h</string>
			<key>path</key>
			<string>MyTabBar.h</string>
			<key>sourceTree</key>
			<string>&lt;group&gt;</string>
		</dict>
		<key>8487858B1D58C96800A2EBFB</key>
		<dict>
			<key>fileEncoding</key>
			<string>4</string>
			<key>isa</key>
			<string>PBXFileReference</string>
			<key>lastKnownFileType</key>
			<string>sourcecode.c.objc</string>
			<key>path</key>
			<string>MyTabBar.m</string>
			<key>sourceTree</key>
			<string>&lt;group&gt;</string>
		</dict>
		<key>8487858C1D58C96800A2EBFB</key>
		<dict>
			<key>fileRef</key>
			<string>8487858B1D58C96800A2EBFB</string>
			<key>isa</key>
			<string>PBXBuildFile</string>
		</dict>
		<key>8487858D1D58C97100A2EBFB</key>
		<dict>
			<key>children</key>
			<array>
				<string>8487858A1D58C96800A2EBFB</string>
				<string>8487858B1D58C96800A2EBFB</string>
			</array>
			<key>isa</key>
			<string>PBXGroup</string>
			<key>name</key>
			<string>View</string>
			<key>sourceTree</key>
			<string>&lt;group&gt;</string>
		</dict>
		<key>848785911D58D14900A2EBFB</key>
		<dict>
			<key>children</key>
			<array>
				<string>848785921D58D25100A2EBFB</string>
				<string>848785931D58D25100A2EBFB</string>
				<string>845E62861D6313DD00224162</string>
				<string>845E62871D6313DD00224162</string>
				<string>84CD5D371D66C296004898C7</string>
				<string>84CD5D381D66C296004898C7</string>
				<string>84B718001D69A247004ACD8F</string>
				<string>84B718011D69A247004ACD8F</string>
			</array>
			<key>isa</key>
			<string>PBXGroup</string>
			<key>name</key>
			<string>Category</string>
			<key>sourceTree</key>
			<string>&lt;group&gt;</string>
		</dict>
		<key>848785921D58D25100A2EBFB</key>
		<dict>
			<key>fileEncoding</key>
			<string>4</string>
			<key>isa</key>
			<string>PBXFileReference</string>
			<key>lastKnownFileType</key>
			<string>sourcecode.c.h</string>
			<key>path</key>
			<string>UIView+Category.h</string>
			<key>sourceTree</key>
			<string>&lt;group&gt;</string>
		</dict>
		<key>848785931D58D25100A2EBFB</key>
		<dict>
			<key>fileEncoding</key>
			<string>4</string>
			<key>isa</key>
			<string>PBXFileReference</string>
			<key>lastKnownFileType</key>
			<string>sourcecode.c.objc</string>
			<key>path</key>
			<string>UIView+Category.m</string>
			<key>sourceTree</key>
			<string>&lt;group&gt;</string>
		</dict>
		<key>848785941D58D25100A2EBFB</key>
		<dict>
			<key>fileRef</key>
			<string>848785931D58D25100A2EBFB</string>
			<key>isa</key>
			<string>PBXBuildFile</string>
		</dict>
		<key>84B718001D69A247004ACD8F</key>
		<dict>
			<key>fileEncoding</key>
			<string>4</string>
			<key>isa</key>
			<string>PBXFileReference</string>
			<key>lastKnownFileType</key>
			<string>sourcecode.c.h</string>
			<key>path</key>
			<string>UITextView+Category.h</string>
			<key>sourceTree</key>
			<string>&lt;group&gt;</string>
		</dict>
		<key>84B718011D69A247004ACD8F</key>
		<dict>
			<key>fileEncoding</key>
			<string>4</string>
			<key>isa</key>
			<string>PBXFileReference</string>
			<key>lastKnownFileType</key>
			<string>sourcecode.c.objc</string>
			<key>path</key>
			<string>UITextView+Category.m</string>
			<key>sourceTree</key>
			<string>&lt;group&gt;</string>
		</dict>
		<key>84B718021D69A247004ACD8F</key>
		<dict>
			<key>fileRef</key>
			<string>84B718011D69A247004ACD8F</string>
			<key>isa</key>
			<string>PBXBuildFile</string>
		</dict>
		<key>84B718031D69B6FE004ACD8F</key>
		<dict>
			<key>fileEncoding</key>
			<string>4</string>
			<key>isa</key>
			<string>PBXFileReference</string>
			<key>lastKnownFileType</key>
			<string>sourcecode.c.h</string>
			<key>path</key>
			<string>MyDatePickerController.h</string>
			<key>sourceTree</key>
			<string>&lt;group&gt;</string>
		</dict>
		<key>84B718041D69B6FE004ACD8F</key>
		<dict>
			<key>fileEncoding</key>
			<string>4</string>
			<key>isa</key>
			<string>PBXFileReference</string>
			<key>lastKnownFileType</key>
			<string>sourcecode.c.objc</string>
			<key>path</key>
			<string>MyDatePickerController.m</string>
			<key>sourceTree</key>
			<string>&lt;group&gt;</string>
		</dict>
		<key>84B718051D69B6FE004ACD8F</key>
		<dict>
			<key>fileRef</key>
			<string>84B718041D69B6FE004ACD8F</string>
			<key>isa</key>
			<string>PBXBuildFile</string>
		</dict>
		<key>84B7CB1A1D58C56E0062A48D</key>
		<dict>
			<key>fileEncoding</key>
			<string>4</string>
			<key>isa</key>
			<string>PBXFileReference</string>
			<key>lastKnownFileType</key>
			<string>sourcecode.c.h</string>
			<key>path</key>
			<string>MyTabBarController.h</string>
			<key>sourceTree</key>
			<string>&lt;group&gt;</string>
		</dict>
		<key>84B7CB1B1D58C56E0062A48D</key>
		<dict>
			<key>fileEncoding</key>
			<string>4</string>
			<key>isa</key>
			<string>PBXFileReference</string>
			<key>lastKnownFileType</key>
			<string>sourcecode.c.objc</string>
			<key>path</key>
			<string>MyTabBarController.m</string>
			<key>sourceTree</key>
			<string>&lt;group&gt;</string>
		</dict>
		<key>84B7CB1C1D58C56E0062A48D</key>
		<dict>
			<key>fileRef</key>
			<string>84B7CB1B1D58C56E0062A48D</string>
			<key>isa</key>
			<string>PBXBuildFile</string>
		</dict>
		<key>84B878F01D64882400AA1896</key>
		<dict>
			<key>isa</key>
			<string>PBXFileReference</string>
			<key>lastKnownFileType</key>
			<string>wrapper.framework</string>
			<key>name</key>
			<string>CoreLocation.framework</string>
			<key>path</key>
			<string>System/Library/Frameworks/CoreLocation.framework</string>
			<key>sourceTree</key>
			<string>SDKROOT</string>
		</dict>
		<key>84B878F11D64882400AA1896</key>
		<dict>
			<key>fileRef</key>
			<string>84B878F01D64882400AA1896</string>
			<key>isa</key>
			<string>PBXBuildFile</string>
		</dict>
		<key>84CD5D2E1D6695F0004898C7</key>
		<dict>
			<key>fileEncoding</key>
			<string>4</string>
			<key>isa</key>
			<string>PBXFileReference</string>
			<key>lastKnownFileType</key>
			<string>sourcecode.c.h</string>
			<key>path</key>
			<string>EditLocationViewController.h</string>
			<key>sourceTree</key>
			<string>&lt;group&gt;</string>
		</dict>
		<key>84CD5D2F1D6695F0004898C7</key>
		<dict>
			<key>fileEncoding</key>
			<string>4</string>
			<key>isa</key>
			<string>PBXFileReference</string>
			<key>lastKnownFileType</key>
			<string>sourcecode.c.objc</string>
			<key>path</key>
			<string>EditLocationViewController.m</string>
			<key>sourceTree</key>
			<string>&lt;group&gt;</string>
		</dict>
		<key>84CD5D301D6695F0004898C7</key>
		<dict>
			<key>fileEncoding</key>
			<string>4</string>
			<key>isa</key>
			<string>PBXFileReference</string>
			<key>lastKnownFileType</key>
			<string>file.xib</string>
			<key>path</key>
			<string>EditLocationViewController.xib</string>
			<key>sourceTree</key>
			<string>&lt;group&gt;</string>
		</dict>
		<key>84CD5D311D6695F0004898C7</key>
		<dict>
			<key>fileRef</key>
			<string>84CD5D2F1D6695F0004898C7</string>
			<key>isa</key>
			<string>PBXBuildFile</string>
		</dict>
		<key>84CD5D321D6695F0004898C7</key>
		<dict>
			<key>fileRef</key>
			<string>84CD5D301D6695F0004898C7</string>
			<key>isa</key>
			<string>PBXBuildFile</string>
		</dict>
		<key>84CD5D351D66B317004898C7</key>
		<dict>
			<key>fileEncoding</key>
			<string>4</string>
			<key>isa</key>
			<string>PBXFileReference</string>
			<key>lastKnownFileType</key>
			<string>file.storyboard</string>
			<key>path</key>
			<string>AddItemViewController.storyboard</string>
			<key>sourceTree</key>
			<string>&lt;group&gt;</string>
		</dict>
		<key>84CD5D361D66B317004898C7</key>
		<dict>
			<key>fileRef</key>
			<string>84CD5D351D66B317004898C7</string>
			<key>isa</key>
			<string>PBXBuildFile</string>
		</dict>
		<key>84CD5D371D66C296004898C7</key>
		<dict>
			<key>fileEncoding</key>
			<string>4</string>
			<key>isa</key>
			<string>PBXFileReference</string>
			<key>lastKnownFileType</key>
			<string>sourcecode.c.h</string>
			<key>path</key>
			<string>UIViewController+Category.h</string>
			<key>sourceTree</key>
			<string>&lt;group&gt;</string>
		</dict>
		<key>84CD5D381D66C296004898C7</key>
		<dict>
			<key>fileEncoding</key>
			<string>4</string>
			<key>isa</key>
			<string>PBXFileReference</string>
			<key>lastKnownFileType</key>
			<string>sourcecode.c.objc</string>
			<key>path</key>
			<string>UIViewController+Category.m</string>
			<key>sourceTree</key>
			<string>&lt;group&gt;</string>
		</dict>
		<key>84CD5D391D66C296004898C7</key>
		<dict>
			<key>fileRef</key>
			<string>84CD5D381D66C296004898C7</string>
			<key>isa</key>
			<string>PBXBuildFile</string>
		</dict>
		<key>84DD441D1D63F2150045A375</key>
		<dict>
			<key>fileEncoding</key>
			<string>4</string>
			<key>isa</key>
			<string>PBXFileReference</string>
			<key>lastKnownFileType</key>
			<string>sourcecode.c.h</string>
			<key>path</key>
			<string>AddItemViewController.h</string>
			<key>sourceTree</key>
			<string>&lt;group&gt;</string>
		</dict>
		<key>84DD441E1D63F2150045A375</key>
		<dict>
			<key>fileEncoding</key>
			<string>4</string>
			<key>isa</key>
			<string>PBXFileReference</string>
			<key>lastKnownFileType</key>
			<string>sourcecode.c.objc</string>
			<key>path</key>
			<string>AddItemViewController.m</string>
			<key>sourceTree</key>
			<string>&lt;group&gt;</string>
		</dict>
		<key>84DD441F1D63F2150045A375</key>
		<dict>
			<key>fileRef</key>
			<string>84DD441E1D63F2150045A375</string>
			<key>isa</key>
			<string>PBXBuildFile</string>
		</dict>
		<key>84DD44231D640E460045A375</key>
		<dict>
			<key>fileEncoding</key>
			<string>4</string>
			<key>isa</key>
			<string>PBXFileReference</string>
			<key>lastKnownFileType</key>
			<string>sourcecode.c.h</string>
			<key>path</key>
			<string>ChooseIconViewController.h</string>
			<key>sourceTree</key>
			<string>&lt;group&gt;</string>
		</dict>
		<key>84DD44241D640E460045A375</key>
		<dict>
			<key>fileEncoding</key>
			<string>4</string>
			<key>isa</key>
			<string>PBXFileReference</string>
			<key>lastKnownFileType</key>
			<string>sourcecode.c.objc</string>
			<key>path</key>
			<string>ChooseIconViewController.m</string>
			<key>sourceTree</key>
			<string>&lt;group&gt;</string>
		</dict>
		<key>84DD44251D640E460045A375</key>
		<dict>
			<key>fileRef</key>
			<string>84DD44241D640E460045A375</string>
			<key>isa</key>
			<string>PBXBuildFile</string>
		</dict>
		<key>84DD5ED21D6A906700CBCA99</key>
		<dict>
			<key>fileEncoding</key>
			<string>4</string>
			<key>isa</key>
			<string>PBXFileReference</string>
			<key>lastKnownFileType</key>
			<string>file.xib</string>
			<key>path</key>
			<string>MyDatePickerController.xib</string>
			<key>sourceTree</key>
			<string>&lt;group&gt;</string>
		</dict>
		<key>84DD5ED31D6A906700CBCA99</key>
		<dict>
			<key>fileRef</key>
			<string>84DD5ED21D6A906700CBCA99</string>
			<key>isa</key>
			<string>PBXBuildFile</string>
		</dict>
		<key>8B2B7D10C1730534FB6BFDF4</key>
		<dict>
			<key>includeInIndex</key>
			<string>1</string>
			<key>isa</key>
			<string>PBXFileReference</string>
			<key>lastKnownFileType</key>
			<string>text.xcconfig</string>
			<key>name</key>
			<string>Pods-CostList.release.xcconfig</string>
			<key>path</key>
			<string>Pods/Target Support Files/Pods-CostList/Pods-CostList.release.xcconfig</string>
			<key>sourceTree</key>
			<string>&lt;group&gt;</string>
		</dict>
		<key>917F2AB0EAE47E48DC89AD02</key>
		<dict>
			<key>fileRef</key>
			<string>D34A4823120E7210FD7336B3</string>
			<key>isa</key>
			<string>PBXBuildFile</string>
		</dict>
		<key>9202554401E42D2C17147E54</key>
		<dict>
			<key>buildActionMask</key>
			<string>2147483647</string>
			<key>files</key>
			<array/>
			<key>inputPaths</key>
			<array/>
			<key>isa</key>
			<string>PBXShellScriptBuildPhase</string>
			<key>name</key>
			<string>[CP] Check Pods Manifest.lock</string>
			<key>outputPaths</key>
			<array/>
			<key>runOnlyForDeploymentPostprocessing</key>
			<string>0</string>
			<key>shellPath</key>
			<string>/bin/sh</string>
			<key>shellScript</key>
			<string>diff "${PODS_ROOT}/../Podfile.lock" "${PODS_ROOT}/Manifest.lock" &gt; /dev/null
if [[ $? != 0 ]] ; then
    cat &lt;&lt; EOM
error: The sandbox is not in sync with the Podfile.lock. Run 'pod install' or update your CocoaPods installation.
EOM
    exit 1
fi
</string>
			<key>showEnvVarsInLog</key>
			<string>0</string>
		</dict>
		<key>D34A4823120E7210FD7336B3</key>
		<dict>
			<key>explicitFileType</key>
			<string>archive.ar</string>
			<key>includeInIndex</key>
			<string>0</string>
			<key>isa</key>
			<string>PBXFileReference</string>
			<key>path</key>
			<string>libPods-CostList.a</string>
			<key>sourceTree</key>
			<string>BUILT_PRODUCTS_DIR</string>
		</dict>
		<key>E99D78D33F35B4678D8C2B85</key>
		<dict>
			<key>buildActionMask</key>
			<string>2147483647</string>
			<key>files</key>
			<array/>
			<key>inputPaths</key>
			<array/>
			<key>isa</key>
			<string>PBXShellScriptBuildPhase</string>
			<key>name</key>
			<string>[CP] Embed Pods Frameworks</string>
			<key>outputPaths</key>
			<array/>
			<key>runOnlyForDeploymentPostprocessing</key>
			<string>0</string>
			<key>shellPath</key>
			<string>/bin/sh</string>
			<key>shellScript</key>
			<string>"${SRCROOT}/Pods/Target Support Files/Pods-CostList/Pods-CostList-frameworks.sh"
</string>
			<key>showEnvVarsInLog</key>
			<string>0</string>
		</dict>
		<key>F30EC2DCAC117C66385B7AEF</key>
		<dict>
			<key>includeInIndex</key>
			<string>1</string>
			<key>isa</key>
			<string>PBXFileReference</string>
			<key>lastKnownFileType</key>
			<string>text.xcconfig</string>
			<key>name</key>
			<string>Pods-CostList.debug.xcconfig</string>
			<key>path</key>
			<string>Pods/Target Support Files/Pods-CostList/Pods-CostList.debug.xcconfig</string>
			<key>sourceTree</key>
			<string>&lt;group&gt;</string>
		</dict>
		<key>FD52D531A47C91BE0A49CD2A</key>
		<dict>
			<key>buildActionMask</key>
			<string>2147483647</string>
			<key>files</key>
			<array/>
			<key>inputPaths</key>
			<array/>
			<key>isa</key>
			<string>PBXShellScriptBuildPhase</string>
			<key>name</key>
			<string>Embed Pods Frameworks</string>
			<key>outputPaths</key>
			<array/>
			<key>runOnlyForDeploymentPostprocessing</key>
			<string>0</string>
			<key>shellPath</key>
			<string>/bin/sh</string>
			<key>shellScript</key>
			<string>"${SRCROOT}/Pods/Target Support Files/Pods-CostList/Pods-CostList-frameworks.sh"
</string>
			<key>showEnvVarsInLog</key>
			<string>0</string>
		</dict>
	</dict>
	<key>rootObject</key>
	<string>84068DBF1D580F39003B6F5E</string>
</dict>
</plist>
